// !$*UTF8*$!
{
	archiveVersion = 1;
	classes = {
	};
	objectVersion = 46;
	objects = {

/* Begin PBXBuildFile section */
		030657481C286C1200ED8722 /* NSEvent.swift in Sources */ = {isa = PBXBuildFile; fileRef = 030657471C286C1200ED8722 /* NSEvent.swift */; };
		0306574A1C287ED200ED8722 /* HGBlockView.swift in Sources */ = {isa = PBXBuildFile; fileRef = 030657491C287ED200ED8722 /* HGBlockView.swift */; };
		030963051C5BCE8C00DEE9C4 /* HGAdjective.swift in Sources */ = {isa = PBXBuildFile; fileRef = 030963021C5BCE8C00DEE9C4 /* HGAdjective.swift */; };
		030963061C5BCE8C00DEE9C4 /* HGArticle.swift in Sources */ = {isa = PBXBuildFile; fileRef = 030963031C5BCE8C00DEE9C4 /* HGArticle.swift */; };
		030963071C5BCE8C00DEE9C4 /* HGErrorType.swift in Sources */ = {isa = PBXBuildFile; fileRef = 030963041C5BCE8C00DEE9C4 /* HGErrorType.swift */; };
		030963091C5BD00F00DEE9C4 /* HGInt.swift in Sources */ = {isa = PBXBuildFile; fileRef = 030963081C5BD00F00DEE9C4 /* HGInt.swift */; };
		0309630B1C5BD01E00DEE9C4 /* HGString.swift in Sources */ = {isa = PBXBuildFile; fileRef = 0309630A1C5BD01E00DEE9C4 /* HGString.swift */; };
		0309630D1C5BD0DE00DEE9C4 /* HGNoun.swift in Sources */ = {isa = PBXBuildFile; fileRef = 0309630C1C5BD0DE00DEE9C4 /* HGNoun.swift */; };
		031A1A541B8F81F50077FD56 /* HGParser.swift in Sources */ = {isa = PBXBuildFile; fileRef = 031A1A531B8F81F50077FD56 /* HGParser.swift */; };
		0322FA3B1B586F6500CB132B /* HGColor.swift in Sources */ = {isa = PBXBuildFile; fileRef = 0322FA3A1B586F6500CB132B /* HGColor.swift */; };
		0322FA3E1B59038100CB132B /* NSView.swift in Sources */ = {isa = PBXBuildFile; fileRef = 0322FA3D1B59038100CB132B /* NSView.swift */; };
		0322FA401B591A9100CB132B /* HGTimeInterval.swift in Sources */ = {isa = PBXBuildFile; fileRef = 0322FA3F1B591A9100CB132B /* HGTimeInterval.swift */; };
		0322FA421B59633E00CB132B /* HGArray.swift in Sources */ = {isa = PBXBuildFile; fileRef = 0322FA411B59633E00CB132B /* HGArray.swift */; };
		0339BC601BFD598B0071F8AD /* ErrorBoard.swift in Sources */ = {isa = PBXBuildFile; fileRef = 0339BC5F1BFD598B0071F8AD /* ErrorBoard.swift */; };
		0339BC641BFE22E40071F8AD /* Project.swift in Sources */ = {isa = PBXBuildFile; fileRef = 0339BC631BFE22E40071F8AD /* Project.swift */; };
		033F3DEA1BB99DBD0089AEC2 /* HGTableView.swift in Sources */ = {isa = PBXBuildFile; fileRef = 033F3DE91BB99DBD0089AEC2 /* HGTableView.swift */; };
		033F3DEC1BBAC4920089AEC2 /* HGTabView.swift in Sources */ = {isa = PBXBuildFile; fileRef = 033F3DEB1BBAC4920089AEC2 /* HGTabView.swift */; };
		033F3DEE1BBACE770089AEC2 /* HGTabVC.swift in Sources */ = {isa = PBXBuildFile; fileRef = 033F3DED1BBACE770089AEC2 /* HGTabVC.swift */; };
		0346140A1BDF81E40002F0AA /* DecisionBoard.swift in Sources */ = {isa = PBXBuildFile; fileRef = 034614091BDF81E40002F0AA /* DecisionBoard.swift */; };
		034985071C56D50B0048F44C /* ExportString.swift in Sources */ = {isa = PBXBuildFile; fileRef = 034985061C56D50B0048F44C /* ExportString.swift */; };
		034985091C56D5220048F44C /* ExportInt.swift in Sources */ = {isa = PBXBuildFile; fileRef = 034985081C56D5220048F44C /* ExportInt.swift */; };
		0349850A1C578B840048F44C /* HuckleberryGenUITests.swift in Sources */ = {isa = PBXBuildFile; fileRef = 036C7C251B5143A0004EC724 /* HuckleberryGenUITests.swift */; };
		0349850E1C579AA00048F44C /* SaveBoard.swift in Sources */ = {isa = PBXBuildFile; fileRef = 0349850D1C579AA00048F44C /* SaveBoard.swift */; };
		035428E91BA1A1C500BED618 /* HGNotif.swift in Sources */ = {isa = PBXBuildFile; fileRef = 035428E81BA1A1C500BED618 /* HGNotif.swift */; };
		035428EB1BA1C16600BED618 /* NSNotification.swift in Sources */ = {isa = PBXBuildFile; fileRef = 035428EA1BA1C16600BED618 /* NSNotification.swift */; };
		035E493D1C57D6220005E28A /* ExportProtocols.swift in Sources */ = {isa = PBXBuildFile; fileRef = 035E493C1C57D6220005E28A /* ExportProtocols.swift */; };
		035E49D31C57F75F0005E28A /* XP_CLA_HGObject.txt in Resources */ = {isa = PBXBuildFile; fileRef = 035E49D21C57F75F0005E28A /* XP_CLA_HGObject.txt */; };
		035E49D51C57FA490005E28A /* ExportHGClasses.swift in Sources */ = {isa = PBXBuildFile; fileRef = 035E49D41C57FA490005E28A /* ExportHGClasses.swift */; };
		035E49D71C57FABD0005E28A /* XP_CLA_HGErrorReporter.txt in Resources */ = {isa = PBXBuildFile; fileRef = 035E49D61C57FABD0005E28A /* XP_CLA_HGErrorReporter.txt */; };
		035E4A091C582FD10005E28A /* XP_CLA_HGErrorTrack.txt in Resources */ = {isa = PBXBuildFile; fileRef = 035E4A081C582FD10005E28A /* XP_CLA_HGErrorTrack.txt */; };
		035E4A0B1C5832C90005E28A /* XP_CLA_HGError.txt in Resources */ = {isa = PBXBuildFile; fileRef = 035E4A0A1C5832C90005E28A /* XP_CLA_HGError.txt */; };
		035E4A9E1C58DA2E0005E28A /* HGIndent.swift in Sources */ = {isa = PBXBuildFile; fileRef = 035E4A9D1C58DA2E0005E28A /* HGIndent.swift */; };
		035E4CB21C5922870005E28A /* XP_CLA_HGOperators.txt in Resources */ = {isa = PBXBuildFile; fileRef = 035E4CB11C5922870005E28A /* XP_CLA_HGOperators.txt */; };
		035E4D1E1C5A46710005E28A /* HGCodeRepresentable.swift in Sources */ = {isa = PBXBuildFile; fileRef = 035E4D1D1C5A46710005E28A /* HGCodeRepresentable.swift */; };
		035E75561B9595890036AE0B /* HGFileQuery.swift in Sources */ = {isa = PBXBuildFile; fileRef = 035E75551B9595890036AE0B /* HGFileQuery.swift */; };
		036455C01BA264930096B255 /* HGCellData.swift in Sources */ = {isa = PBXBuildFile; fileRef = 036455BF1BA264930096B255 /* HGCellData.swift */; };
		036455C21BA264E40096B255 /* HGCellType.swift in Sources */ = {isa = PBXBuildFile; fileRef = 036455C11BA264E40096B255 /* HGCellType.swift */; };
		03660ADD1BBDED6600DE41D5 /* NSImage.swift in Sources */ = {isa = PBXBuildFile; fileRef = 03660ADC1BBDED6600DE41D5 /* NSImage.swift */; };
		03660ADF1BBE03FC00DE41D5 /* TextField.swift in Sources */ = {isa = PBXBuildFile; fileRef = 03660ADE1BBE03FC00DE41D5 /* TextField.swift */; };
		03660AE11BBE444C00DE41D5 /* EnumCasesVC.swift in Sources */ = {isa = PBXBuildFile; fileRef = 03660AE01BBE444C00DE41D5 /* EnumCasesVC.swift */; };
		03673A681BEA4C8900CF8F21 /* FieldCell3.xib in Resources */ = {isa = PBXBuildFile; fileRef = 03673A671BEA4C8900CF8F21 /* FieldCell3.xib */; };
		036C7C061B5143A0004EC724 /* AppDelegate.swift in Sources */ = {isa = PBXBuildFile; fileRef = 036C7C051B5143A0004EC724 /* AppDelegate.swift */; };
		036C7C081B5143A0004EC724 /* ViewController.swift in Sources */ = {isa = PBXBuildFile; fileRef = 036C7C071B5143A0004EC724 /* ViewController.swift */; };
		036C7C0B1B5143A0004EC724 /* HuckleberryGen.xcdatamodeld in Sources */ = {isa = PBXBuildFile; fileRef = 036C7C091B5143A0004EC724 /* HuckleberryGen.xcdatamodeld */; };
		036C7C0D1B5143A0004EC724 /* Assets.xcassets in Resources */ = {isa = PBXBuildFile; fileRef = 036C7C0C1B5143A0004EC724 /* Assets.xcassets */; };
		036C7C101B5143A0004EC724 /* Main.storyboard in Resources */ = {isa = PBXBuildFile; fileRef = 036C7C0E1B5143A0004EC724 /* Main.storyboard */; };
		036C7C1B1B5143A0004EC724 /* HuckleberryGenTests.swift in Sources */ = {isa = PBXBuildFile; fileRef = 036C7C1A1B5143A0004EC724 /* HuckleberryGenTests.swift */; };
		036C7C621B514AF8004EC724 /* CoreDataModel.swift in Sources */ = {isa = PBXBuildFile; fileRef = 036C7C601B514AF8004EC724 /* CoreDataModel.swift */; };
		036C7C661B514AF8004EC724 /* Relationship.swift in Sources */ = {isa = PBXBuildFile; fileRef = 036C7C641B514AF8004EC724 /* Relationship.swift */; };
		036C7C6A1B514AF9004EC724 /* Attribute.swift in Sources */ = {isa = PBXBuildFile; fileRef = 036C7C681B514AF9004EC724 /* Attribute.swift */; };
		036C7C6E1B514AF9004EC724 /* ImportFile.swift in Sources */ = {isa = PBXBuildFile; fileRef = 036C7C6C1B514AF9004EC724 /* ImportFile.swift */; };
		036C7C721B514AF9004EC724 /* Folder.swift in Sources */ = {isa = PBXBuildFile; fileRef = 036C7C701B514AF9004EC724 /* Folder.swift */; };
		036C7CBD1B529A84004EC724 /* HGError.swift in Sources */ = {isa = PBXBuildFile; fileRef = 036C7CAC1B529A84004EC724 /* HGError.swift */; };
		036C7CBE1B529A84004EC724 /* HGDictionary.swift in Sources */ = {isa = PBXBuildFile; fileRef = 036C7CAE1B529A84004EC724 /* HGDictionary.swift */; };
		036C7CBF1B529A84004EC724 /* HGOptional.swift in Sources */ = {isa = PBXBuildFile; fileRef = 036C7CAF1B529A84004EC724 /* HGOptional.swift */; };
		036C7CC01B529A84004EC724 /* HGGen.swift in Sources */ = {isa = PBXBuildFile; fileRef = 036C7CB11B529A84004EC724 /* HGGen.swift */; };
		036C7CC11B529A84004EC724 /* HGJSON.swift in Sources */ = {isa = PBXBuildFile; fileRef = 036C7CB31B529A84004EC724 /* HGJSON.swift */; };
		036C7CC31B529A84004EC724 /* HuckleberryGen.swift in Sources */ = {isa = PBXBuildFile; fileRef = 036C7CB71B529A84004EC724 /* HuckleberryGen.swift */; };
		036C7CC81B52A17F004EC724 /* LicenseInfo.swift in Sources */ = {isa = PBXBuildFile; fileRef = 036C7CC71B52A17F004EC724 /* LicenseInfo.swift */; };
		036C7CCC1B52B89A004EC724 /* HGDate.swift in Sources */ = {isa = PBXBuildFile; fileRef = 036C7CCB1B52B89A004EC724 /* HGDate.swift */; };
		036D23BF1BACA12D002824E9 /* HGTableCellIdentifier.swift in Sources */ = {isa = PBXBuildFile; fileRef = 036D23BE1BACA12D002824E9 /* HGTableCellIdentifier.swift */; };
		036E329C1BB1A0880024AA4E /* EnumCase.swift in Sources */ = {isa = PBXBuildFile; fileRef = 036E329B1BB1A0880024AA4E /* EnumCase.swift */; };
		036E329E1BB2CCA40024AA4E /* MixedCell1.xib in Resources */ = {isa = PBXBuildFile; fileRef = 036E329D1BB2CCA40024AA4E /* MixedCell1.xib */; };
		036E32A01BB2DED00024AA4E /* DefaultCell.xib in Resources */ = {isa = PBXBuildFile; fileRef = 036E329F1BB2DED00024AA4E /* DefaultCell.xib */; };
		036E32A21BB2DEE00024AA4E /* Check4Cell.xib in Resources */ = {isa = PBXBuildFile; fileRef = 036E32A11BB2DEE00024AA4E /* Check4Cell.xib */; };
		036E32A41BB2DEED0024AA4E /* Image4Cell.xib in Resources */ = {isa = PBXBuildFile; fileRef = 036E32A31BB2DEED0024AA4E /* Image4Cell.xib */; };
		036E32A61BB2DEFB0024AA4E /* Image5Cell.xib in Resources */ = {isa = PBXBuildFile; fileRef = 036E32A51BB2DEFB0024AA4E /* Image5Cell.xib */; };
		036E32A81BB2DF070024AA4E /* Image6Cell.xib in Resources */ = {isa = PBXBuildFile; fileRef = 036E32A71BB2DF070024AA4E /* Image6Cell.xib */; };
		036E32AA1BB2EC650024AA4E /* FieldCell1.xib in Resources */ = {isa = PBXBuildFile; fileRef = 036E32A91BB2EC650024AA4E /* FieldCell1.xib */; };
		0372A6121B8F6EB800317065 /* XCODE_XMLParser.swift in Sources */ = {isa = PBXBuildFile; fileRef = 0372A6111B8F6EB800317065 /* XCODE_XMLParser.swift */; };
		0378175A1B7D0D110009D67B /* HGEntity.swift in Sources */ = {isa = PBXBuildFile; fileRef = 037817591B7D0D110009D67B /* HGEntity.swift */; };
		037EDFA91B84B4C6002527EE /* Enum.swift in Sources */ = {isa = PBXBuildFile; fileRef = 037EDFA81B84B4C6002527EE /* Enum.swift */; };
		038C79E01B6297560008D29C /* Entity.swift in Sources */ = {isa = PBXBuildFile; fileRef = 038C79DF1B6297560008D29C /* Entity.swift */; };
		038CD8B71B7CEC8800712F57 /* HG_String.swift in Sources */ = {isa = PBXBuildFile; fileRef = 038CD8B61B7CEC8800712F57 /* HG_String.swift */; };
		039731E21C42833E003DA4F4 /* SBD_Import.swift in Sources */ = {isa = PBXBuildFile; fileRef = 039731E11C42833E003DA4F4 /* SBD_Import.swift */; };
		039731E41C443A44003DA4F4 /* SBD_Attributes.swift in Sources */ = {isa = PBXBuildFile; fileRef = 039731E31C443A44003DA4F4 /* SBD_Attributes.swift */; };
		039731E61C4565C5003DA4F4 /* SBD_Entities.swift in Sources */ = {isa = PBXBuildFile; fileRef = 039731E51C4565C5003DA4F4 /* SBD_Entities.swift */; };
		039731EC1C45AE27003DA4F4 /* SBD_SavedProjects.swift in Sources */ = {isa = PBXBuildFile; fileRef = 039731EB1C45AE27003DA4F4 /* SBD_SavedProjects.swift */; };
		039731F01C45AE68003DA4F4 /* SBD_RelationshipType.swift in Sources */ = {isa = PBXBuildFile; fileRef = 039731EF1C45AE68003DA4F4 /* SBD_RelationshipType.swift */; };
		039731F21C45AE74003DA4F4 /* SBD_DeletionRules.swift in Sources */ = {isa = PBXBuildFile; fileRef = 039731F11C45AE74003DA4F4 /* SBD_DeletionRules.swift */; };
		039731F51C46A263003DA4F4 /* DBD_DeleteRows.swift in Sources */ = {isa = PBXBuildFile; fileRef = 039731F41C46A263003DA4F4 /* DBD_DeleteRows.swift */; };
		039731F71C470CE4003DA4F4 /* DBD_SaveProject.swift in Sources */ = {isa = PBXBuildFile; fileRef = 039731F61C470CE4003DA4F4 /* DBD_SaveProject.swift */; };
		03A20B481B99E4C900149AF5 /* BoardHandler.swift in Sources */ = {isa = PBXBuildFile; fileRef = 03A20B371B99E4C900149AF5 /* BoardHandler.swift */; };
		03A20B491B99E4C900149AF5 /* NavController.swift in Sources */ = {isa = PBXBuildFile; fileRef = 03A20B381B99E4C900149AF5 /* NavController.swift */; };
		03A20B4A1B99E4C900149AF5 /* FolderBoard.swift in Sources */ = {isa = PBXBuildFile; fileRef = 03A20B3A1B99E4C900149AF5 /* FolderBoard.swift */; };
		03A20B4C1B99E4C900149AF5 /* LicenseInfoBoard.swift in Sources */ = {isa = PBXBuildFile; fileRef = 03A20B3C1B99E4C900149AF5 /* LicenseInfoBoard.swift */; };
		03A20B4D1B99E4C900149AF5 /* WelcomeBoard.swift in Sources */ = {isa = PBXBuildFile; fileRef = 03A20B3D1B99E4C900149AF5 /* WelcomeBoard.swift */; };
		03A20B4E1B99E4C900149AF5 /* SelectionBoard.swift in Sources */ = {isa = PBXBuildFile; fileRef = 03A20B3F1B99E4C900149AF5 /* SelectionBoard.swift */; };
		03A20B541B99E4C900149AF5 /* MainWindowController.swift in Sources */ = {isa = PBXBuildFile; fileRef = 03A20B471B99E4C900149AF5 /* MainWindowController.swift */; };
		03A278F31C50737400DA353C /* ExportEntity.swift in Sources */ = {isa = PBXBuildFile; fileRef = 03A278F21C50737400DA353C /* ExportEntity.swift */; };
		03A278F71C51315100DA353C /* ExportType.swift in Sources */ = {isa = PBXBuildFile; fileRef = 03A278F61C51315100DA353C /* ExportType.swift */; };
		03A278F91C513DA600DA353C /* ExportEnum.swift in Sources */ = {isa = PBXBuildFile; fileRef = 03A278F81C513DA600DA353C /* ExportEnum.swift */; };
		03A278FB1C52447800DA353C /* ExportExtensions.swift in Sources */ = {isa = PBXBuildFile; fileRef = 03A278FA1C52447800DA353C /* ExportExtensions.swift */; };
		03A278FD1C52498F00DA353C /* ExportOptional.swift in Sources */ = {isa = PBXBuildFile; fileRef = 03A278FC1C52498F00DA353C /* ExportOptional.swift */; };
		03BDDA461C5A757A00F0DCEA /* XP_Utility.swift in Sources */ = {isa = PBXBuildFile; fileRef = 03BDDA451C5A757A00F0DCEA /* XP_Utility.swift */; };
		03BDDA491C5A924E00F0DCEA /* HGOperators.swift in Sources */ = {isa = PBXBuildFile; fileRef = 03BDDA481C5A924E00F0DCEA /* HGOperators.swift */; };
		03BDDA4B1C5A934100F0DCEA /* HGEncodable.swift in Sources */ = {isa = PBXBuildFile; fileRef = 03BDDA4A1C5A934100F0DCEA /* HGEncodable.swift */; };
		03BDDA531C5AA0F900F0DCEA /* Protocol.swift in Sources */ = {isa = PBXBuildFile; fileRef = 03BDDA521C5AA0F900F0DCEA /* Protocol.swift */; };
		03D3FF6C1B848FCD001B9F48 /* HGEvent.swift in Sources */ = {isa = PBXBuildFile; fileRef = 03D3FF6B1B848FCD001B9F48 /* HGEvent.swift */; };
		03D4FE371C3ACD38007BBA5F /* HGNotifType.swift in Sources */ = {isa = PBXBuildFile; fileRef = 03D4FE361C3ACD38007BBA5F /* HGNotifType.swift */; };
		03D56F231C4F29BF00A3A8DC /* ExportProject.swift in Sources */ = {isa = PBXBuildFile; fileRef = 03D56F221C4F29BF00A3A8DC /* ExportProject.swift */; };
		03D56F251C4F41C500A3A8DC /* XP_PRO_HGEncodable.txt in Resources */ = {isa = PBXBuildFile; fileRef = 03D56F241C4F41C500A3A8DC /* XP_PRO_HGEncodable.txt */; };
		03E9AFD11C5D4CAF00013925 /* HuckleberryGen_EXT.swift in Sources */ = {isa = PBXBuildFile; fileRef = 03E9AFD01C5D4CAF00013925 /* HuckleberryGen_EXT.swift */; };
		03E9AFD31C5E408C00013925 /* IndexVC.swift in Sources */ = {isa = PBXBuildFile; fileRef = 03E9AFD21C5E408C00013925 /* IndexVC.swift */; };
		03E9AFD51C5E449300013925 /* Index.swift in Sources */ = {isa = PBXBuildFile; fileRef = 03E9AFD41C5E449300013925 /* Index.swift */; };
		03F106651C3B179100E808C9 /* OpenBoard.swift in Sources */ = {isa = PBXBuildFile; fileRef = 03F106641C3B179100E808C9 /* OpenBoard.swift */; };
		03F25EDA1B9BFEE90048B0A0 /* AttributeVC.swift in Sources */ = {isa = PBXBuildFile; fileRef = 03F25ED31B9BFEE90048B0A0 /* AttributeVC.swift */; };
		03F25EDD1B9BFEE90048B0A0 /* EntityVC.swift in Sources */ = {isa = PBXBuildFile; fileRef = 03F25ED61B9BFEE90048B0A0 /* EntityVC.swift */; };
		03F25EDE1B9BFEE90048B0A0 /* EnumVC.swift in Sources */ = {isa = PBXBuildFile; fileRef = 03F25ED71B9BFEE90048B0A0 /* EnumVC.swift */; };
		03F25EDF1B9BFEE90048B0A0 /* RelationshipVC.swift in Sources */ = {isa = PBXBuildFile; fileRef = 03F25ED81B9BFEE90048B0A0 /* RelationshipVC.swift */; };
		03F25EE81B9C16EA0048B0A0 /* HGCell.swift in Sources */ = {isa = PBXBuildFile; fileRef = 03F25EE21B9C16EA0048B0A0 /* HGCell.swift */; };
		03F25EEB1B9C16EA0048B0A0 /* HGSplit.swift in Sources */ = {isa = PBXBuildFile; fileRef = 03F25EE61B9C16EA0048B0A0 /* HGSplit.swift */; };
		03F25EEC1B9C16EA0048B0A0 /* HGTable.swift in Sources */ = {isa = PBXBuildFile; fileRef = 03F25EE71B9C16EA0048B0A0 /* HGTable.swift */; };
		03F25EF01B9C17B40048B0A0 /* HGSplitVC.swift in Sources */ = {isa = PBXBuildFile; fileRef = 03F25EEF1B9C17B40048B0A0 /* HGSplitVC.swift */; };
		03F25EF71B9C292E0048B0A0 /* HGTableHeader.swift in Sources */ = {isa = PBXBuildFile; fileRef = 03F25EF51B9C292E0048B0A0 /* HGTableHeader.swift */; };
		03F25EF81B9C292E0048B0A0 /* HGTableHeader.xib in Resources */ = {isa = PBXBuildFile; fileRef = 03F25EF61B9C292E0048B0A0 /* HGTableHeader.xib */; };
		03F38F7C1BBE487A00B2739A /* FieldCell2.xib in Resources */ = {isa = PBXBuildFile; fileRef = 03F38F7B1BBE487A00B2739A /* FieldCell2.xib */; };
		03F7E33F1BA891A90053BA6B /* Board.storyboard in Resources */ = {isa = PBXBuildFile; fileRef = 03F7E33D1BA891A90053BA6B /* Board.storyboard */; };
/* End PBXBuildFile section */

/* Begin PBXContainerItemProxy section */
		036C7C171B5143A0004EC724 /* PBXContainerItemProxy */ = {
			isa = PBXContainerItemProxy;
			containerPortal = 036C7BFA1B5143A0004EC724 /* Project object */;
			proxyType = 1;
			remoteGlobalIDString = 036C7C011B5143A0004EC724;
			remoteInfo = HuckleberryGen;
		};
		036C7C221B5143A0004EC724 /* PBXContainerItemProxy */ = {
			isa = PBXContainerItemProxy;
			containerPortal = 036C7BFA1B5143A0004EC724 /* Project object */;
			proxyType = 1;
			remoteGlobalIDString = 036C7C011B5143A0004EC724;
			remoteInfo = HuckleberryGen;
		};
/* End PBXContainerItemProxy section */

/* Begin PBXFileReference section */
		030657471C286C1200ED8722 /* NSEvent.swift */ = {isa = PBXFileReference; fileEncoding = 4; lastKnownFileType = sourcecode.swift; path = NSEvent.swift; sourceTree = "<group>"; };
		030657491C287ED200ED8722 /* HGBlockView.swift */ = {isa = PBXFileReference; fileEncoding = 4; lastKnownFileType = sourcecode.swift; path = HGBlockView.swift; sourceTree = "<group>"; };
		030963021C5BCE8C00DEE9C4 /* HGAdjective.swift */ = {isa = PBXFileReference; fileEncoding = 4; lastKnownFileType = sourcecode.swift; path = HGAdjective.swift; sourceTree = "<group>"; };
		030963031C5BCE8C00DEE9C4 /* HGArticle.swift */ = {isa = PBXFileReference; fileEncoding = 4; lastKnownFileType = sourcecode.swift; path = HGArticle.swift; sourceTree = "<group>"; };
		030963041C5BCE8C00DEE9C4 /* HGErrorType.swift */ = {isa = PBXFileReference; fileEncoding = 4; lastKnownFileType = sourcecode.swift; path = HGErrorType.swift; sourceTree = "<group>"; };
		030963081C5BD00F00DEE9C4 /* HGInt.swift */ = {isa = PBXFileReference; fileEncoding = 4; lastKnownFileType = sourcecode.swift; name = HGInt.swift; path = ../HGInt.swift; sourceTree = "<group>"; };
		0309630A1C5BD01E00DEE9C4 /* HGString.swift */ = {isa = PBXFileReference; fileEncoding = 4; lastKnownFileType = sourcecode.swift; path = HGString.swift; sourceTree = "<group>"; };
		0309630C1C5BD0DE00DEE9C4 /* HGNoun.swift */ = {isa = PBXFileReference; fileEncoding = 4; lastKnownFileType = sourcecode.swift; path = HGNoun.swift; sourceTree = "<group>"; };
		031A1A531B8F81F50077FD56 /* HGParser.swift */ = {isa = PBXFileReference; fileEncoding = 4; lastKnownFileType = sourcecode.swift; name = HGParser.swift; path = HGParser/HGParser.swift; sourceTree = "<group>"; };
		0322FA3A1B586F6500CB132B /* HGColor.swift */ = {isa = PBXFileReference; fileEncoding = 4; lastKnownFileType = sourcecode.swift; path = HGColor.swift; sourceTree = "<group>"; };
		0322FA3D1B59038100CB132B /* NSView.swift */ = {isa = PBXFileReference; fileEncoding = 4; lastKnownFileType = sourcecode.swift; path = NSView.swift; sourceTree = "<group>"; };
		0322FA3F1B591A9100CB132B /* HGTimeInterval.swift */ = {isa = PBXFileReference; fileEncoding = 4; lastKnownFileType = sourcecode.swift; path = HGTimeInterval.swift; sourceTree = "<group>"; };
		0322FA411B59633E00CB132B /* HGArray.swift */ = {isa = PBXFileReference; fileEncoding = 4; lastKnownFileType = sourcecode.swift; path = HGArray.swift; sourceTree = "<group>"; };
		0339BC5F1BFD598B0071F8AD /* ErrorBoard.swift */ = {isa = PBXFileReference; fileEncoding = 4; lastKnownFileType = sourcecode.swift; path = ErrorBoard.swift; sourceTree = "<group>"; };
		0339BC631BFE22E40071F8AD /* Project.swift */ = {isa = PBXFileReference; fileEncoding = 4; lastKnownFileType = sourcecode.swift; name = Project.swift; path = Categories/Project.swift; sourceTree = "<group>"; };
		033F3DE91BB99DBD0089AEC2 /* HGTableView.swift */ = {isa = PBXFileReference; fileEncoding = 4; lastKnownFileType = sourcecode.swift; path = HGTableView.swift; sourceTree = "<group>"; };
		033F3DEB1BBAC4920089AEC2 /* HGTabView.swift */ = {isa = PBXFileReference; fileEncoding = 4; lastKnownFileType = sourcecode.swift; path = HGTabView.swift; sourceTree = "<group>"; };
		033F3DED1BBACE770089AEC2 /* HGTabVC.swift */ = {isa = PBXFileReference; fileEncoding = 4; lastKnownFileType = sourcecode.swift; path = HGTabVC.swift; sourceTree = "<group>"; };
		034614091BDF81E40002F0AA /* DecisionBoard.swift */ = {isa = PBXFileReference; fileEncoding = 4; lastKnownFileType = sourcecode.swift; path = DecisionBoard.swift; sourceTree = "<group>"; };
		034985061C56D50B0048F44C /* ExportString.swift */ = {isa = PBXFileReference; fileEncoding = 4; lastKnownFileType = sourcecode.swift; name = ExportString.swift; path = ExportScripts/ExportExtensions/ExportString.swift; sourceTree = "<group>"; };
		034985081C56D5220048F44C /* ExportInt.swift */ = {isa = PBXFileReference; fileEncoding = 4; lastKnownFileType = sourcecode.swift; name = ExportInt.swift; path = ExportScripts/ExportExtensions/ExportInt.swift; sourceTree = "<group>"; };
		0349850D1C579AA00048F44C /* SaveBoard.swift */ = {isa = PBXFileReference; fileEncoding = 4; lastKnownFileType = sourcecode.swift; path = SaveBoard.swift; sourceTree = "<group>"; };
		035428E81BA1A1C500BED618 /* HGNotif.swift */ = {isa = PBXFileReference; fileEncoding = 4; lastKnownFileType = sourcecode.swift; name = HGNotif.swift; path = HGNotif/HGNotif.swift; sourceTree = "<group>"; };
		035428EA1BA1C16600BED618 /* NSNotification.swift */ = {isa = PBXFileReference; fileEncoding = 4; lastKnownFileType = sourcecode.swift; path = NSNotification.swift; sourceTree = "<group>"; };
		035E493C1C57D6220005E28A /* ExportProtocols.swift */ = {isa = PBXFileReference; fileEncoding = 4; lastKnownFileType = sourcecode.swift; name = ExportProtocols.swift; path = ExportScripts/ExportProtocols.swift; sourceTree = "<group>"; };
		035E49D21C57F75F0005E28A /* XP_CLA_HGObject.txt */ = {isa = PBXFileReference; fileEncoding = 4; lastKnownFileType = text; path = XP_CLA_HGObject.txt; sourceTree = "<group>"; };
		035E49D41C57FA490005E28A /* ExportHGClasses.swift */ = {isa = PBXFileReference; fileEncoding = 4; lastKnownFileType = sourcecode.swift; name = ExportHGClasses.swift; path = ExportScripts/ExportHGClasses.swift; sourceTree = "<group>"; };
		035E49D61C57FABD0005E28A /* XP_CLA_HGErrorReporter.txt */ = {isa = PBXFileReference; fileEncoding = 4; lastKnownFileType = text; name = XP_CLA_HGErrorReporter.txt; path = ExportScripts/XP_CLA_HGErrorReporter.txt; sourceTree = "<group>"; };
		035E4A081C582FD10005E28A /* XP_CLA_HGErrorTrack.txt */ = {isa = PBXFileReference; fileEncoding = 4; lastKnownFileType = text; name = XP_CLA_HGErrorTrack.txt; path = ExportScripts/XP_CLA_HGErrorTrack.txt; sourceTree = "<group>"; };
		035E4A0A1C5832C90005E28A /* XP_CLA_HGError.txt */ = {isa = PBXFileReference; fileEncoding = 4; lastKnownFileType = text; name = XP_CLA_HGError.txt; path = ExportScripts/XP_CLA_HGError.txt; sourceTree = "<group>"; };
		035E4A9D1C58DA2E0005E28A /* HGIndent.swift */ = {isa = PBXFileReference; fileEncoding = 4; lastKnownFileType = sourcecode.swift; name = HGIndent.swift; path = HGIndent/HGIndent.swift; sourceTree = "<group>"; };
		035E4CB11C5922870005E28A /* XP_CLA_HGOperators.txt */ = {isa = PBXFileReference; fileEncoding = 4; lastKnownFileType = text; name = XP_CLA_HGOperators.txt; path = ExportScripts/XP_CLA_HGOperators.txt; sourceTree = "<group>"; };
		035E4D1D1C5A46710005E28A /* HGCodeRepresentable.swift */ = {isa = PBXFileReference; fileEncoding = 4; lastKnownFileType = sourcecode.swift; path = HGCodeRepresentable.swift; sourceTree = "<group>"; };
		035E75551B9595890036AE0B /* HGFileQuery.swift */ = {isa = PBXFileReference; fileEncoding = 4; lastKnownFileType = sourcecode.swift; name = HGFileQuery.swift; path = HGQuery/HGFileQuery.swift; sourceTree = "<group>"; };
		036455BF1BA264930096B255 /* HGCellData.swift */ = {isa = PBXFileReference; fileEncoding = 4; lastKnownFileType = sourcecode.swift; path = HGCellData.swift; sourceTree = "<group>"; };
		036455C11BA264E40096B255 /* HGCellType.swift */ = {isa = PBXFileReference; fileEncoding = 4; lastKnownFileType = sourcecode.swift; path = HGCellType.swift; sourceTree = "<group>"; };
		03660ADC1BBDED6600DE41D5 /* NSImage.swift */ = {isa = PBXFileReference; fileEncoding = 4; lastKnownFileType = sourcecode.swift; path = NSImage.swift; sourceTree = "<group>"; };
		03660ADE1BBE03FC00DE41D5 /* TextField.swift */ = {isa = PBXFileReference; fileEncoding = 4; lastKnownFileType = sourcecode.swift; path = TextField.swift; sourceTree = "<group>"; };
		03660AE01BBE444C00DE41D5 /* EnumCasesVC.swift */ = {isa = PBXFileReference; fileEncoding = 4; lastKnownFileType = sourcecode.swift; name = EnumCasesVC.swift; path = ../../Main/SubViewControllers/EnumCasesVC.swift; sourceTree = "<group>"; };
		03673A671BEA4C8900CF8F21 /* FieldCell3.xib */ = {isa = PBXFileReference; fileEncoding = 4; lastKnownFileType = file.xib; path = FieldCell3.xib; sourceTree = "<group>"; };
		036C7C021B5143A0004EC724 /* HuckleberryGen.app */ = {isa = PBXFileReference; explicitFileType = wrapper.application; includeInIndex = 0; path = HuckleberryGen.app; sourceTree = BUILT_PRODUCTS_DIR; };
		036C7C051B5143A0004EC724 /* AppDelegate.swift */ = {isa = PBXFileReference; lastKnownFileType = sourcecode.swift; path = AppDelegate.swift; sourceTree = "<group>"; };
		036C7C071B5143A0004EC724 /* ViewController.swift */ = {isa = PBXFileReference; lastKnownFileType = sourcecode.swift; path = ViewController.swift; sourceTree = "<group>"; };
		036C7C0A1B5143A0004EC724 /* HuckleberryGen.xcdatamodel */ = {isa = PBXFileReference; lastKnownFileType = wrapper.xcdatamodel; path = HuckleberryGen.xcdatamodel; sourceTree = "<group>"; };
		036C7C0C1B5143A0004EC724 /* Assets.xcassets */ = {isa = PBXFileReference; lastKnownFileType = folder.assetcatalog; path = Assets.xcassets; sourceTree = "<group>"; };
		036C7C0F1B5143A0004EC724 /* Base */ = {isa = PBXFileReference; lastKnownFileType = file.storyboard; name = Base; path = Base.lproj/Main.storyboard; sourceTree = "<group>"; };
		036C7C111B5143A0004EC724 /* Info.plist */ = {isa = PBXFileReference; lastKnownFileType = text.plist.xml; path = Info.plist; sourceTree = "<group>"; };
		036C7C161B5143A0004EC724 /* HuckleberryGenTests.xctest */ = {isa = PBXFileReference; explicitFileType = wrapper.cfbundle; includeInIndex = 0; path = HuckleberryGenTests.xctest; sourceTree = BUILT_PRODUCTS_DIR; };
		036C7C1A1B5143A0004EC724 /* HuckleberryGenTests.swift */ = {isa = PBXFileReference; lastKnownFileType = sourcecode.swift; path = HuckleberryGenTests.swift; sourceTree = "<group>"; };
		036C7C1C1B5143A0004EC724 /* Info.plist */ = {isa = PBXFileReference; lastKnownFileType = text.plist.xml; path = Info.plist; sourceTree = "<group>"; };
		036C7C211B5143A0004EC724 /* HuckleberryGenUITests.xctest */ = {isa = PBXFileReference; explicitFileType = wrapper.cfbundle; includeInIndex = 0; path = HuckleberryGenUITests.xctest; sourceTree = BUILT_PRODUCTS_DIR; };
		036C7C251B5143A0004EC724 /* HuckleberryGenUITests.swift */ = {isa = PBXFileReference; lastKnownFileType = sourcecode.swift; path = HuckleberryGenUITests.swift; sourceTree = "<group>"; };
		036C7C271B5143A0004EC724 /* Info.plist */ = {isa = PBXFileReference; lastKnownFileType = text.plist.xml; path = Info.plist; sourceTree = "<group>"; };
		036C7C601B514AF8004EC724 /* CoreDataModel.swift */ = {isa = PBXFileReference; fileEncoding = 4; lastKnownFileType = sourcecode.swift; name = CoreDataModel.swift; path = Categories/CoreDataModel.swift; sourceTree = "<group>"; };
		036C7C641B514AF8004EC724 /* Relationship.swift */ = {isa = PBXFileReference; fileEncoding = 4; lastKnownFileType = sourcecode.swift; name = Relationship.swift; path = Categories/Relationship.swift; sourceTree = "<group>"; };
		036C7C681B514AF9004EC724 /* Attribute.swift */ = {isa = PBXFileReference; fileEncoding = 4; lastKnownFileType = sourcecode.swift; name = Attribute.swift; path = Categories/Attribute.swift; sourceTree = "<group>"; };
		036C7C6C1B514AF9004EC724 /* ImportFile.swift */ = {isa = PBXFileReference; fileEncoding = 4; lastKnownFileType = sourcecode.swift; name = ImportFile.swift; path = Categories/ImportFile.swift; sourceTree = "<group>"; };
		036C7C701B514AF9004EC724 /* Folder.swift */ = {isa = PBXFileReference; fileEncoding = 4; lastKnownFileType = sourcecode.swift; name = Folder.swift; path = Categories/Folder.swift; sourceTree = "<group>"; };
		036C7CAC1B529A84004EC724 /* HGError.swift */ = {isa = PBXFileReference; fileEncoding = 4; lastKnownFileType = sourcecode.swift; lineEnding = 0; path = HGError.swift; sourceTree = "<group>"; xcLanguageSpecificationIdentifier = xcode.lang.swift; };
		036C7CAE1B529A84004EC724 /* HGDictionary.swift */ = {isa = PBXFileReference; fileEncoding = 4; lastKnownFileType = sourcecode.swift; lineEnding = 0; path = HGDictionary.swift; sourceTree = "<group>"; xcLanguageSpecificationIdentifier = xcode.lang.swift; };
		036C7CAF1B529A84004EC724 /* HGOptional.swift */ = {isa = PBXFileReference; fileEncoding = 4; lastKnownFileType = sourcecode.swift; path = HGOptional.swift; sourceTree = "<group>"; };
		036C7CB11B529A84004EC724 /* HGGen.swift */ = {isa = PBXFileReference; fileEncoding = 4; lastKnownFileType = sourcecode.swift; lineEnding = 0; path = HGGen.swift; sourceTree = "<group>"; xcLanguageSpecificationIdentifier = xcode.lang.swift; };
		036C7CB31B529A84004EC724 /* HGJSON.swift */ = {isa = PBXFileReference; fileEncoding = 4; lastKnownFileType = sourcecode.swift; lineEnding = 0; path = HGJSON.swift; sourceTree = "<group>"; xcLanguageSpecificationIdentifier = xcode.lang.swift; };
		036C7CB71B529A84004EC724 /* HuckleberryGen.swift */ = {isa = PBXFileReference; fileEncoding = 4; lastKnownFileType = sourcecode.swift; path = HuckleberryGen.swift; sourceTree = "<group>"; };
		036C7CC71B52A17F004EC724 /* LicenseInfo.swift */ = {isa = PBXFileReference; fileEncoding = 4; lastKnownFileType = sourcecode.swift; path = LicenseInfo.swift; sourceTree = "<group>"; };
		036C7CCB1B52B89A004EC724 /* HGDate.swift */ = {isa = PBXFileReference; fileEncoding = 4; lastKnownFileType = sourcecode.swift; path = HGDate.swift; sourceTree = "<group>"; };
		036D23BE1BACA12D002824E9 /* HGTableCellIdentifier.swift */ = {isa = PBXFileReference; fileEncoding = 4; lastKnownFileType = sourcecode.swift; path = HGTableCellIdentifier.swift; sourceTree = "<group>"; };
		036E329B1BB1A0880024AA4E /* EnumCase.swift */ = {isa = PBXFileReference; fileEncoding = 4; lastKnownFileType = sourcecode.swift; name = EnumCase.swift; path = Categories/EnumCase.swift; sourceTree = "<group>"; };
		036E329D1BB2CCA40024AA4E /* MixedCell1.xib */ = {isa = PBXFileReference; fileEncoding = 4; lastKnownFileType = file.xib; path = MixedCell1.xib; sourceTree = "<group>"; };
		036E329F1BB2DED00024AA4E /* DefaultCell.xib */ = {isa = PBXFileReference; fileEncoding = 4; lastKnownFileType = file.xib; path = DefaultCell.xib; sourceTree = "<group>"; };
		036E32A11BB2DEE00024AA4E /* Check4Cell.xib */ = {isa = PBXFileReference; fileEncoding = 4; lastKnownFileType = file.xib; path = Check4Cell.xib; sourceTree = "<group>"; };
		036E32A31BB2DEED0024AA4E /* Image4Cell.xib */ = {isa = PBXFileReference; fileEncoding = 4; lastKnownFileType = file.xib; path = Image4Cell.xib; sourceTree = "<group>"; };
		036E32A51BB2DEFB0024AA4E /* Image5Cell.xib */ = {isa = PBXFileReference; fileEncoding = 4; lastKnownFileType = file.xib; path = Image5Cell.xib; sourceTree = "<group>"; };
		036E32A71BB2DF070024AA4E /* Image6Cell.xib */ = {isa = PBXFileReference; fileEncoding = 4; lastKnownFileType = file.xib; path = Image6Cell.xib; sourceTree = "<group>"; };
		036E32A91BB2EC650024AA4E /* FieldCell1.xib */ = {isa = PBXFileReference; fileEncoding = 4; lastKnownFileType = file.xib; path = FieldCell1.xib; sourceTree = "<group>"; };
		0372A6111B8F6EB800317065 /* XCODE_XMLParser.swift */ = {isa = PBXFileReference; fileEncoding = 4; lastKnownFileType = sourcecode.swift; name = XCODE_XMLParser.swift; path = HGParser/XCODE_XMLParser.swift; sourceTree = "<group>"; };
		037817591B7D0D110009D67B /* HGEntity.swift */ = {isa = PBXFileReference; fileEncoding = 4; lastKnownFileType = sourcecode.swift; name = HGEntity.swift; path = HGEntity/HGEntity.swift; sourceTree = "<group>"; };
		037EDFA81B84B4C6002527EE /* Enum.swift */ = {isa = PBXFileReference; fileEncoding = 4; lastKnownFileType = sourcecode.swift; path = Enum.swift; sourceTree = "<group>"; };
		038C79DF1B6297560008D29C /* Entity.swift */ = {isa = PBXFileReference; fileEncoding = 4; lastKnownFileType = sourcecode.swift; name = Entity.swift; path = Categories/Entity.swift; sourceTree = "<group>"; };
		038CD8B61B7CEC8800712F57 /* HG_String.swift */ = {isa = PBXFileReference; fileEncoding = 4; lastKnownFileType = sourcecode.swift; path = HG_String.swift; sourceTree = "<group>"; };
		039731E11C42833E003DA4F4 /* SBD_Import.swift */ = {isa = PBXFileReference; fileEncoding = 4; lastKnownFileType = sourcecode.swift; name = SBD_Import.swift; path = SelectionBoardDelegates/SBD_Import.swift; sourceTree = "<group>"; };
		039731E31C443A44003DA4F4 /* SBD_Attributes.swift */ = {isa = PBXFileReference; fileEncoding = 4; lastKnownFileType = sourcecode.swift; name = SBD_Attributes.swift; path = SelectionBoardDelegates/SBD_Attributes.swift; sourceTree = "<group>"; };
		039731E51C4565C5003DA4F4 /* SBD_Entities.swift */ = {isa = PBXFileReference; fileEncoding = 4; lastKnownFileType = sourcecode.swift; name = SBD_Entities.swift; path = SelectionBoardDelegates/SBD_Entities.swift; sourceTree = "<group>"; };
		039731EB1C45AE27003DA4F4 /* SBD_SavedProjects.swift */ = {isa = PBXFileReference; fileEncoding = 4; lastKnownFileType = sourcecode.swift; name = SBD_SavedProjects.swift; path = SelectionBoardDelegates/SBD_SavedProjects.swift; sourceTree = "<group>"; };
		039731EF1C45AE68003DA4F4 /* SBD_RelationshipType.swift */ = {isa = PBXFileReference; fileEncoding = 4; lastKnownFileType = sourcecode.swift; name = SBD_RelationshipType.swift; path = SelectionBoardDelegates/SBD_RelationshipType.swift; sourceTree = "<group>"; };
		039731F11C45AE74003DA4F4 /* SBD_DeletionRules.swift */ = {isa = PBXFileReference; fileEncoding = 4; lastKnownFileType = sourcecode.swift; name = SBD_DeletionRules.swift; path = SelectionBoardDelegates/SBD_DeletionRules.swift; sourceTree = "<group>"; };
		039731F41C46A263003DA4F4 /* DBD_DeleteRows.swift */ = {isa = PBXFileReference; fileEncoding = 4; lastKnownFileType = sourcecode.swift; name = DBD_DeleteRows.swift; path = DecisionBoardDelegates/DBD_DeleteRows.swift; sourceTree = "<group>"; };
		039731F61C470CE4003DA4F4 /* DBD_SaveProject.swift */ = {isa = PBXFileReference; fileEncoding = 4; lastKnownFileType = sourcecode.swift; name = DBD_SaveProject.swift; path = DecisionBoardDelegates/DBD_SaveProject.swift; sourceTree = "<group>"; };
		03A20B371B99E4C900149AF5 /* BoardHandler.swift */ = {isa = PBXFileReference; fileEncoding = 4; lastKnownFileType = sourcecode.swift; path = BoardHandler.swift; sourceTree = "<group>"; };
		03A20B381B99E4C900149AF5 /* NavController.swift */ = {isa = PBXFileReference; fileEncoding = 4; lastKnownFileType = sourcecode.swift; path = NavController.swift; sourceTree = "<group>"; };
		03A20B3A1B99E4C900149AF5 /* FolderBoard.swift */ = {isa = PBXFileReference; fileEncoding = 4; lastKnownFileType = sourcecode.swift; path = FolderBoard.swift; sourceTree = "<group>"; };
		03A20B3C1B99E4C900149AF5 /* LicenseInfoBoard.swift */ = {isa = PBXFileReference; fileEncoding = 4; lastKnownFileType = sourcecode.swift; path = LicenseInfoBoard.swift; sourceTree = "<group>"; };
		03A20B3D1B99E4C900149AF5 /* WelcomeBoard.swift */ = {isa = PBXFileReference; fileEncoding = 4; lastKnownFileType = sourcecode.swift; path = WelcomeBoard.swift; sourceTree = "<group>"; };
		03A20B3F1B99E4C900149AF5 /* SelectionBoard.swift */ = {isa = PBXFileReference; fileEncoding = 4; lastKnownFileType = sourcecode.swift; name = SelectionBoard.swift; path = ../TableBoard/SelectionBoard.swift; sourceTree = "<group>"; };
		03A20B471B99E4C900149AF5 /* MainWindowController.swift */ = {isa = PBXFileReference; fileEncoding = 4; lastKnownFileType = sourcecode.swift; path = MainWindowController.swift; sourceTree = "<group>"; };
		03A278F21C50737400DA353C /* ExportEntity.swift */ = {isa = PBXFileReference; fileEncoding = 4; lastKnownFileType = sourcecode.swift; name = ExportEntity.swift; path = ExportScripts/ExportEntity.swift; sourceTree = "<group>"; };
		03A278F61C51315100DA353C /* ExportType.swift */ = {isa = PBXFileReference; fileEncoding = 4; lastKnownFileType = sourcecode.swift; name = ExportType.swift; path = ExportScripts/ExportType.swift; sourceTree = "<group>"; };
		03A278F81C513DA600DA353C /* ExportEnum.swift */ = {isa = PBXFileReference; fileEncoding = 4; lastKnownFileType = sourcecode.swift; name = ExportEnum.swift; path = ExportScripts/ExportEnum.swift; sourceTree = "<group>"; };
		03A278FA1C52447800DA353C /* ExportExtensions.swift */ = {isa = PBXFileReference; fileEncoding = 4; lastKnownFileType = sourcecode.swift; name = ExportExtensions.swift; path = ExportScripts/ExportExtensions.swift; sourceTree = "<group>"; };
		03A278FC1C52498F00DA353C /* ExportOptional.swift */ = {isa = PBXFileReference; fileEncoding = 4; lastKnownFileType = sourcecode.swift; name = ExportOptional.swift; path = ExportScripts/ExportExtensions/ExportOptional.swift; sourceTree = "<group>"; };
		03BDDA451C5A757A00F0DCEA /* XP_Utility.swift */ = {isa = PBXFileReference; fileEncoding = 4; lastKnownFileType = sourcecode.swift; name = XP_Utility.swift; path = ExportScripts/XP_Utility.swift; sourceTree = "<group>"; };
		03BDDA481C5A924E00F0DCEA /* HGOperators.swift */ = {isa = PBXFileReference; fileEncoding = 4; lastKnownFileType = sourcecode.swift; name = HGOperators.swift; path = HGOperators/HGOperators.swift; sourceTree = "<group>"; };
		03BDDA4A1C5A934100F0DCEA /* HGEncodable.swift */ = {isa = PBXFileReference; fileEncoding = 4; lastKnownFileType = sourcecode.swift; path = HGEncodable.swift; sourceTree = "<group>"; };
		03BDDA521C5AA0F900F0DCEA /* Protocol.swift */ = {isa = PBXFileReference; fileEncoding = 4; lastKnownFileType = sourcecode.swift; name = Protocol.swift; path = Categories/Protocol.swift; sourceTree = "<group>"; };
		03D3FF6B1B848FCD001B9F48 /* HGEvent.swift */ = {isa = PBXFileReference; fileEncoding = 4; lastKnownFileType = sourcecode.swift; path = HGEvent.swift; sourceTree = "<group>"; };
		03D4FE361C3ACD38007BBA5F /* HGNotifType.swift */ = {isa = PBXFileReference; fileEncoding = 4; lastKnownFileType = sourcecode.swift; path = HGNotifType.swift; sourceTree = "<group>"; };
		03D56F221C4F29BF00A3A8DC /* ExportProject.swift */ = {isa = PBXFileReference; fileEncoding = 4; lastKnownFileType = sourcecode.swift; name = ExportProject.swift; path = ExportScripts/ExportProject.swift; sourceTree = "<group>"; };
		03D56F241C4F41C500A3A8DC /* XP_PRO_HGEncodable.txt */ = {isa = PBXFileReference; fileEncoding = 4; lastKnownFileType = text; name = XP_PRO_HGEncodable.txt; path = ExportScripts/XP_PRO_HGEncodable.txt; sourceTree = "<group>"; };
		03E9AFD01C5D4CAF00013925 /* HuckleberryGen_EXT.swift */ = {isa = PBXFileReference; fileEncoding = 4; lastKnownFileType = sourcecode.swift; path = HuckleberryGen_EXT.swift; sourceTree = "<group>"; };
		03E9AFD21C5E408C00013925 /* IndexVC.swift */ = {isa = PBXFileReference; fileEncoding = 4; lastKnownFileType = sourcecode.swift; name = IndexVC.swift; path = HuckleberryGen/Controllers/Main/SubViewControllers/IndexVC.swift; sourceTree = SOURCE_ROOT; };
		03E9AFD41C5E449300013925 /* Index.swift */ = {isa = PBXFileReference; fileEncoding = 4; lastKnownFileType = sourcecode.swift; name = Index.swift; path = Categories/Index.swift; sourceTree = "<group>"; };
		03F106641C3B179100E808C9 /* OpenBoard.swift */ = {isa = PBXFileReference; fileEncoding = 4; lastKnownFileType = sourcecode.swift; path = OpenBoard.swift; sourceTree = "<group>"; };
		03F25ED31B9BFEE90048B0A0 /* AttributeVC.swift */ = {isa = PBXFileReference; fileEncoding = 4; lastKnownFileType = sourcecode.swift; name = AttributeVC.swift; path = ../../Main/SubViewControllers/AttributeVC.swift; sourceTree = "<group>"; };
		03F25ED61B9BFEE90048B0A0 /* EntityVC.swift */ = {isa = PBXFileReference; fileEncoding = 4; lastKnownFileType = sourcecode.swift; name = EntityVC.swift; path = ../../Main/SubViewControllers/EntityVC.swift; sourceTree = "<group>"; };
		03F25ED71B9BFEE90048B0A0 /* EnumVC.swift */ = {isa = PBXFileReference; fileEncoding = 4; lastKnownFileType = sourcecode.swift; name = EnumVC.swift; path = ../../Main/SubViewControllers/EnumVC.swift; sourceTree = "<group>"; };
		03F25ED81B9BFEE90048B0A0 /* RelationshipVC.swift */ = {isa = PBXFileReference; fileEncoding = 4; lastKnownFileType = sourcecode.swift; name = RelationshipVC.swift; path = ../../Main/SubViewControllers/RelationshipVC.swift; sourceTree = "<group>"; };
		03F25EE21B9C16EA0048B0A0 /* HGCell.swift */ = {isa = PBXFileReference; fileEncoding = 4; lastKnownFileType = sourcecode.swift; path = HGCell.swift; sourceTree = "<group>"; };
		03F25EE61B9C16EA0048B0A0 /* HGSplit.swift */ = {isa = PBXFileReference; fileEncoding = 4; lastKnownFileType = sourcecode.swift; path = HGSplit.swift; sourceTree = "<group>"; };
		03F25EE71B9C16EA0048B0A0 /* HGTable.swift */ = {isa = PBXFileReference; fileEncoding = 4; lastKnownFileType = sourcecode.swift; path = HGTable.swift; sourceTree = "<group>"; };
		03F25EEF1B9C17B40048B0A0 /* HGSplitVC.swift */ = {isa = PBXFileReference; fileEncoding = 4; lastKnownFileType = sourcecode.swift; path = HGSplitVC.swift; sourceTree = "<group>"; };
		03F25EF51B9C292E0048B0A0 /* HGTableHeader.swift */ = {isa = PBXFileReference; fileEncoding = 4; lastKnownFileType = sourcecode.swift; path = HGTableHeader.swift; sourceTree = "<group>"; };
		03F25EF61B9C292E0048B0A0 /* HGTableHeader.xib */ = {isa = PBXFileReference; fileEncoding = 4; lastKnownFileType = file.xib; path = HGTableHeader.xib; sourceTree = "<group>"; };
		03F38F7B1BBE487A00B2739A /* FieldCell2.xib */ = {isa = PBXFileReference; fileEncoding = 4; lastKnownFileType = file.xib; path = FieldCell2.xib; sourceTree = "<group>"; };
		03F7E33E1BA891A90053BA6B /* Base */ = {isa = PBXFileReference; lastKnownFileType = file.storyboard; name = Base; path = HuckleberryGen/Base.lproj/Board.storyboard; sourceTree = "<group>"; };
/* End PBXFileReference section */

/* Begin PBXFrameworksBuildPhase section */
		036C7BFF1B5143A0004EC724 /* Frameworks */ = {
			isa = PBXFrameworksBuildPhase;
			buildActionMask = 2147483647;
			files = (
			);
			runOnlyForDeploymentPostprocessing = 0;
		};
		036C7C131B5143A0004EC724 /* Frameworks */ = {
			isa = PBXFrameworksBuildPhase;
			buildActionMask = 2147483647;
			files = (
			);
			runOnlyForDeploymentPostprocessing = 0;
		};
		036C7C1E1B5143A0004EC724 /* Frameworks */ = {
			isa = PBXFrameworksBuildPhase;
			buildActionMask = 2147483647;
			files = (
			);
			runOnlyForDeploymentPostprocessing = 0;
		};
/* End PBXFrameworksBuildPhase section */

/* Begin PBXGroup section */
		030963011C5BCE6700DEE9C4 /* HGEnums */ = {
			isa = PBXGroup;
			children = (
				0309630C1C5BD0DE00DEE9C4 /* HGNoun.swift */,
				030963021C5BCE8C00DEE9C4 /* HGAdjective.swift */,
				030963031C5BCE8C00DEE9C4 /* HGArticle.swift */,
				030963041C5BCE8C00DEE9C4 /* HGErrorType.swift */,
			);
			name = HGEnums;
			sourceTree = "<group>";
		};
		0322FA271B583BAA00CB132B /* Controllers */ = {
			isa = PBXGroup;
			children = (
				03A20B3E1B99E4C900149AF5 /* Tables */,
				03A20B351B99E4C900149AF5 /* Board */,
				03A20B461B99E4C900149AF5 /* MainWindow */,
			);
			path = Controllers;
			sourceTree = "<group>";
		};
		0322FA391B586F5300CB132B /* Colors */ = {
			isa = PBXGroup;
			children = (
				0322FA3A1B586F6500CB132B /* HGColor.swift */,
			);
			path = Colors;
			sourceTree = "<group>";
		};
		0322FA3C1B59033900CB132B /* Extensions */ = {
			isa = PBXGroup;
			children = (
				0322FA3D1B59038100CB132B /* NSView.swift */,
				035428EA1BA1C16600BED618 /* NSNotification.swift */,
				03660ADC1BBDED6600DE41D5 /* NSImage.swift */,
				03660ADE1BBE03FC00DE41D5 /* TextField.swift */,
				030657471C286C1200ED8722 /* NSEvent.swift */,
			);
			path = Extensions;
			sourceTree = "<group>";
		};
		035428E71BA1A1A900BED618 /* HGNotif */ = {
			isa = PBXGroup;
			children = (
				035428E81BA1A1C500BED618 /* HGNotif.swift */,
				03D4FE361C3ACD38007BBA5F /* HGNotifType.swift */,
			);
			name = HGNotif;
			sourceTree = "<group>";
		};
		035E4A9C1C58D9C30005E28A /* HGIndent */ = {
			isa = PBXGroup;
			children = (
				035E4A9D1C58DA2E0005E28A /* HGIndent.swift */,
			);
			name = HGIndent;
			sourceTree = "<group>";
		};
		035E75541B9595660036AE0B /* HGQuery */ = {
			isa = PBXGroup;
			children = (
				035E75551B9595890036AE0B /* HGFileQuery.swift */,
			);
			name = HGQuery;
			sourceTree = "<group>";
		};
		036C7BF91B5143A0004EC724 = {
			isa = PBXGroup;
			children = (
				036C7C041B5143A0004EC724 /* HuckleberryGen */,
				036C7C191B5143A0004EC724 /* HuckleberryGenTests */,
				036C7C241B5143A0004EC724 /* HuckleberryGenUITests */,
				036C7C031B5143A0004EC724 /* Products */,
			);
			sourceTree = "<group>";
		};
		036C7C031B5143A0004EC724 /* Products */ = {
			isa = PBXGroup;
			children = (
				036C7C021B5143A0004EC724 /* HuckleberryGen.app */,
				036C7C161B5143A0004EC724 /* HuckleberryGenTests.xctest */,
				036C7C211B5143A0004EC724 /* HuckleberryGenUITests.xctest */,
			);
			name = Products;
			sourceTree = "<group>";
		};
		036C7C041B5143A0004EC724 /* HuckleberryGen */ = {
			isa = PBXGroup;
			children = (
				03D56F1F1C4F265F00A3A8DC /* ExportScripts */,
				0322FA3C1B59033900CB132B /* Extensions */,
				0322FA391B586F5300CB132B /* Colors */,
				0322FA271B583BAA00CB132B /* Controllers */,
				036C7CAA1B529A84004EC724 /* HuckleberryGen */,
				036C7C341B5149E7004EC724 /* Model */,
				036C7C051B5143A0004EC724 /* AppDelegate.swift */,
				036C7C071B5143A0004EC724 /* ViewController.swift */,
				036C7C0C1B5143A0004EC724 /* Assets.xcassets */,
				036C7C0E1B5143A0004EC724 /* Main.storyboard */,
				03F7E33D1BA891A90053BA6B /* Board.storyboard */,
				036C7C111B5143A0004EC724 /* Info.plist */,
			);
			path = HuckleberryGen;
			sourceTree = "<group>";
		};
		036C7C191B5143A0004EC724 /* HuckleberryGenTests */ = {
			isa = PBXGroup;
			children = (
				036C7C1A1B5143A0004EC724 /* HuckleberryGenTests.swift */,
				036C7C1C1B5143A0004EC724 /* Info.plist */,
			);
			path = HuckleberryGenTests;
			sourceTree = "<group>";
		};
		036C7C241B5143A0004EC724 /* HuckleberryGenUITests */ = {
			isa = PBXGroup;
			children = (
				036C7C251B5143A0004EC724 /* HuckleberryGenUITests.swift */,
				036C7C271B5143A0004EC724 /* Info.plist */,
			);
			path = HuckleberryGenUITests;
			sourceTree = "<group>";
		};
		036C7C341B5149E7004EC724 /* Model */ = {
			isa = PBXGroup;
			children = (
				036C7C091B5143A0004EC724 /* HuckleberryGen.xcdatamodeld */,
				036C7C351B514A0D004EC724 /* Entities */,
			);
			path = Model;
			sourceTree = "<group>";
		};
		036C7C351B514A0D004EC724 /* Entities */ = {
			isa = PBXGroup;
			children = (
				036C7C681B514AF9004EC724 /* Attribute.swift */,
				036C7C601B514AF8004EC724 /* CoreDataModel.swift */,
				038C79DF1B6297560008D29C /* Entity.swift */,
				037EDFA81B84B4C6002527EE /* Enum.swift */,
				036E329B1BB1A0880024AA4E /* EnumCase.swift */,
				036C7C701B514AF9004EC724 /* Folder.swift */,
				036C7CC71B52A17F004EC724 /* LicenseInfo.swift */,
				036C7C6C1B514AF9004EC724 /* ImportFile.swift */,
				036C7C641B514AF8004EC724 /* Relationship.swift */,
				0339BC631BFE22E40071F8AD /* Project.swift */,
				03BDDA521C5AA0F900F0DCEA /* Protocol.swift */,
				03E9AFD41C5E449300013925 /* Index.swift */,
			);
			path = Entities;
			sourceTree = "<group>";
		};
		036C7CAA1B529A84004EC724 /* HuckleberryGen */ = {
			isa = PBXGroup;
			children = (
				030963011C5BCE6700DEE9C4 /* HGEnums */,
				03BDDA471C5A922500F0DCEA /* HGOperators */,
				035E4A9C1C58D9C30005E28A /* HGIndent */,
				035428E71BA1A1A900BED618 /* HGNotif */,
				03F25EF41B9C292E0048B0A0 /* HGTableHeader */,
				03F25EE11B9C16EA0048B0A0 /* HGCell */,
				03F25EE51B9C16EA0048B0A0 /* HGController */,
				037817581B7D0CEC0009D67B /* HGEntity */,
				036C7CAB1B529A84004EC724 /* HGError */,
				036C7CAD1B529A84004EC724 /* HGExtension */,
				036C7CB01B529A84004EC724 /* HGGen */,
				036C7CB21B529A84004EC724 /* HGJSON */,
				0372A6101B8F6E8C00317065 /* HGParser */,
				036C7CB41B529A84004EC724 /* HGProtocol */,
				035E75541B9595660036AE0B /* HGQuery */,
				036C7CB61B529A84004EC724 /* HGStore */,
			);
			path = HuckleberryGen;
			sourceTree = "<group>";
		};
		036C7CAB1B529A84004EC724 /* HGError */ = {
			isa = PBXGroup;
			children = (
				036C7CAC1B529A84004EC724 /* HGError.swift */,
			);
			path = HGError;
			sourceTree = "<group>";
		};
		036C7CAD1B529A84004EC724 /* HGExtension */ = {
			isa = PBXGroup;
			children = (
				030963081C5BD00F00DEE9C4 /* HGInt.swift */,
				0309630A1C5BD01E00DEE9C4 /* HGString.swift */,
				036C7CAE1B529A84004EC724 /* HGDictionary.swift */,
				036C7CAF1B529A84004EC724 /* HGOptional.swift */,
				036C7CCB1B52B89A004EC724 /* HGDate.swift */,
				0322FA3F1B591A9100CB132B /* HGTimeInterval.swift */,
				0322FA411B59633E00CB132B /* HGArray.swift */,
				038CD8B61B7CEC8800712F57 /* HG_String.swift */,
				03D3FF6B1B848FCD001B9F48 /* HGEvent.swift */,
			);
			path = HGExtension;
			sourceTree = "<group>";
		};
		036C7CB01B529A84004EC724 /* HGGen */ = {
			isa = PBXGroup;
			children = (
				036C7CB11B529A84004EC724 /* HGGen.swift */,
			);
			path = HGGen;
			sourceTree = "<group>";
		};
		036C7CB21B529A84004EC724 /* HGJSON */ = {
			isa = PBXGroup;
			children = (
				036C7CB31B529A84004EC724 /* HGJSON.swift */,
			);
			path = HGJSON;
			sourceTree = "<group>";
		};
		036C7CB41B529A84004EC724 /* HGProtocol */ = {
			isa = PBXGroup;
			children = (
				03BDDA4A1C5A934100F0DCEA /* HGEncodable.swift */,
				035E4D1D1C5A46710005E28A /* HGCodeRepresentable.swift */,
			);
			path = HGProtocol;
			sourceTree = "<group>";
		};
		036C7CB61B529A84004EC724 /* HGStore */ = {
			isa = PBXGroup;
			children = (
				036C7CB71B529A84004EC724 /* HuckleberryGen.swift */,
				03E9AFD01C5D4CAF00013925 /* HuckleberryGen_EXT.swift */,
			);
			path = HGStore;
			sourceTree = "<group>";
		};
		0372A6101B8F6E8C00317065 /* HGParser */ = {
			isa = PBXGroup;
			children = (
				031A1A531B8F81F50077FD56 /* HGParser.swift */,
				0372A6111B8F6EB800317065 /* XCODE_XMLParser.swift */,
			);
			name = HGParser;
			sourceTree = "<group>";
		};
		037817581B7D0CEC0009D67B /* HGEntity */ = {
			isa = PBXGroup;
			children = (
				037817591B7D0D110009D67B /* HGEntity.swift */,
			);
			name = HGEntity;
			sourceTree = "<group>";
		};
		039731E01C4282D6003DA4F4 /* SelectionBoardDelegates */ = {
			isa = PBXGroup;
			children = (
				039731E11C42833E003DA4F4 /* SBD_Import.swift */,
				039731E31C443A44003DA4F4 /* SBD_Attributes.swift */,
				039731E51C4565C5003DA4F4 /* SBD_Entities.swift */,
				039731EF1C45AE68003DA4F4 /* SBD_RelationshipType.swift */,
				039731F11C45AE74003DA4F4 /* SBD_DeletionRules.swift */,
				039731EB1C45AE27003DA4F4 /* SBD_SavedProjects.swift */,
			);
			name = SelectionBoardDelegates;
			sourceTree = "<group>";
		};
		039731F31C45CC6D003DA4F4 /* DecisionBoardDelegates */ = {
			isa = PBXGroup;
			children = (
				039731F41C46A263003DA4F4 /* DBD_DeleteRows.swift */,
				039731F61C470CE4003DA4F4 /* DBD_SaveProject.swift */,
			);
			name = DecisionBoardDelegates;
			sourceTree = "<group>";
		};
		03A20B351B99E4C900149AF5 /* Board */ = {
			isa = PBXGroup;
			children = (
				03A20B361B99E4C900149AF5 /* BoardNAV */,
				03A20B391B99E4C900149AF5 /* Boards */,
			);
			path = Board;
			sourceTree = "<group>";
		};
		03A20B361B99E4C900149AF5 /* BoardNAV */ = {
			isa = PBXGroup;
			children = (
				03A20B371B99E4C900149AF5 /* BoardHandler.swift */,
				03A20B381B99E4C900149AF5 /* NavController.swift */,
			);
			path = BoardNAV;
			sourceTree = "<group>";
		};
		03A20B391B99E4C900149AF5 /* Boards */ = {
			isa = PBXGroup;
			children = (
				034614091BDF81E40002F0AA /* DecisionBoard.swift */,
				039731F31C45CC6D003DA4F4 /* DecisionBoardDelegates */,
				0339BC5F1BFD598B0071F8AD /* ErrorBoard.swift */,
				03A20B3A1B99E4C900149AF5 /* FolderBoard.swift */,
				03A20B3C1B99E4C900149AF5 /* LicenseInfoBoard.swift */,
				03F106641C3B179100E808C9 /* OpenBoard.swift */,
				03A20B3F1B99E4C900149AF5 /* SelectionBoard.swift */,
				039731E01C4282D6003DA4F4 /* SelectionBoardDelegates */,
				03A20B3D1B99E4C900149AF5 /* WelcomeBoard.swift */,
				0349850D1C579AA00048F44C /* SaveBoard.swift */,
			);
			path = Boards;
			sourceTree = "<group>";
		};
		03A20B3E1B99E4C900149AF5 /* Tables */ = {
			isa = PBXGroup;
			children = (
				03F25ED31B9BFEE90048B0A0 /* AttributeVC.swift */,
				03F25ED61B9BFEE90048B0A0 /* EntityVC.swift */,
				03F25ED71B9BFEE90048B0A0 /* EnumVC.swift */,
				03E9AFD21C5E408C00013925 /* IndexVC.swift */,
				03660AE01BBE444C00DE41D5 /* EnumCasesVC.swift */,
				03F25ED81B9BFEE90048B0A0 /* RelationshipVC.swift */,
			);
			name = Tables;
			path = Board/TableBoard;
			sourceTree = "<group>";
		};
		03A20B461B99E4C900149AF5 /* MainWindow */ = {
			isa = PBXGroup;
			children = (
				03A20B471B99E4C900149AF5 /* MainWindowController.swift */,
			);
			path = MainWindow;
			sourceTree = "<group>";
		};
		03A278FE1C52499800DA353C /* ExportExtensions */ = {
			isa = PBXGroup;
			children = (
				03A278FA1C52447800DA353C /* ExportExtensions.swift */,
				03A278FC1C52498F00DA353C /* ExportOptional.swift */,
				034985061C56D50B0048F44C /* ExportString.swift */,
				034985081C56D5220048F44C /* ExportInt.swift */,
			);
			name = ExportExtensions;
			sourceTree = "<group>";
		};
		03BDDA471C5A922500F0DCEA /* HGOperators */ = {
			isa = PBXGroup;
			children = (
				03BDDA481C5A924E00F0DCEA /* HGOperators.swift */,
			);
			name = HGOperators;
			sourceTree = "<group>";
		};
		03D56F1F1C4F265F00A3A8DC /* ExportScripts */ = {
			isa = PBXGroup;
			children = (
				03BDDA451C5A757A00F0DCEA /* XP_Utility.swift */,
				03A278F21C50737400DA353C /* ExportEntity.swift */,
				03A278F81C513DA600DA353C /* ExportEnum.swift */,
				03A278FE1C52499800DA353C /* ExportExtensions */,
				03D56F221C4F29BF00A3A8DC /* ExportProject.swift */,
				035E493C1C57D6220005E28A /* ExportProtocols.swift */,
				035E49D41C57FA490005E28A /* ExportHGClasses.swift */,
				03A278F61C51315100DA353C /* ExportType.swift */,
				03D56F241C4F41C500A3A8DC /* XP_PRO_HGEncodable.txt */,
				035E49D21C57F75F0005E28A /* XP_CLA_HGObject.txt */,
				035E49D61C57FABD0005E28A /* XP_CLA_HGErrorReporter.txt */,
				035E4A0A1C5832C90005E28A /* XP_CLA_HGError.txt */,
				035E4A081C582FD10005E28A /* XP_CLA_HGErrorTrack.txt */,
				035E4CB11C5922870005E28A /* XP_CLA_HGOperators.txt */,
			);
			name = ExportScripts;
			sourceTree = "<group>";
		};
		03F25EE11B9C16EA0048B0A0 /* HGCell */ = {
			isa = PBXGroup;
			children = (
				03F25EE21B9C16EA0048B0A0 /* HGCell.swift */,
				036E329D1BB2CCA40024AA4E /* MixedCell1.xib */,
				036E32A91BB2EC650024AA4E /* FieldCell1.xib */,
				03F38F7B1BBE487A00B2739A /* FieldCell2.xib */,
				03673A671BEA4C8900CF8F21 /* FieldCell3.xib */,
				036E329F1BB2DED00024AA4E /* DefaultCell.xib */,
				036E32A11BB2DEE00024AA4E /* Check4Cell.xib */,
				036E32A31BB2DEED0024AA4E /* Image4Cell.xib */,
				036E32A51BB2DEFB0024AA4E /* Image5Cell.xib */,
				036E32A71BB2DF070024AA4E /* Image6Cell.xib */,
				036455BF1BA264930096B255 /* HGCellData.swift */,
				036455C11BA264E40096B255 /* HGCellType.swift */,
			);
			path = HGCell;
			sourceTree = "<group>";
		};
		03F25EE51B9C16EA0048B0A0 /* HGController */ = {
			isa = PBXGroup;
			children = (
				03F25EE61B9C16EA0048B0A0 /* HGSplit.swift */,
				03F25EEF1B9C17B40048B0A0 /* HGSplitVC.swift */,
				036D23BE1BACA12D002824E9 /* HGTableCellIdentifier.swift */,
				03F25EE71B9C16EA0048B0A0 /* HGTable.swift */,
				033F3DE91BB99DBD0089AEC2 /* HGTableView.swift */,
				033F3DEB1BBAC4920089AEC2 /* HGTabView.swift */,
				033F3DED1BBACE770089AEC2 /* HGTabVC.swift */,
				030657491C287ED200ED8722 /* HGBlockView.swift */,
			);
			path = HGController;
			sourceTree = "<group>";
		};
		03F25EF41B9C292E0048B0A0 /* HGTableHeader */ = {
			isa = PBXGroup;
			children = (
				03F25EF51B9C292E0048B0A0 /* HGTableHeader.swift */,
				03F25EF61B9C292E0048B0A0 /* HGTableHeader.xib */,
			);
			path = HGTableHeader;
			sourceTree = "<group>";
		};
/* End PBXGroup section */

/* Begin PBXNativeTarget section */
		036C7C011B5143A0004EC724 /* HuckleberryGen */ = {
			isa = PBXNativeTarget;
			buildConfigurationList = 036C7C2A1B5143A0004EC724 /* Build configuration list for PBXNativeTarget "HuckleberryGen" */;
			buildPhases = (
				036C7BFE1B5143A0004EC724 /* Sources */,
				036C7BFF1B5143A0004EC724 /* Frameworks */,
				036C7C001B5143A0004EC724 /* Resources */,
			);
			buildRules = (
			);
			dependencies = (
			);
			name = HuckleberryGen;
			productName = HuckleberryGen;
			productReference = 036C7C021B5143A0004EC724 /* HuckleberryGen.app */;
			productType = "com.apple.product-type.application";
		};
		036C7C151B5143A0004EC724 /* HuckleberryGenTests */ = {
			isa = PBXNativeTarget;
			buildConfigurationList = 036C7C2D1B5143A0004EC724 /* Build configuration list for PBXNativeTarget "HuckleberryGenTests" */;
			buildPhases = (
				036C7C121B5143A0004EC724 /* Sources */,
				036C7C131B5143A0004EC724 /* Frameworks */,
				036C7C141B5143A0004EC724 /* Resources */,
			);
			buildRules = (
			);
			dependencies = (
				036C7C181B5143A0004EC724 /* PBXTargetDependency */,
			);
			name = HuckleberryGenTests;
			productName = HuckleberryGenTests;
			productReference = 036C7C161B5143A0004EC724 /* HuckleberryGenTests.xctest */;
			productType = "com.apple.product-type.bundle.unit-test";
		};
		036C7C201B5143A0004EC724 /* HuckleberryGenUITests */ = {
			isa = PBXNativeTarget;
			buildConfigurationList = 036C7C301B5143A0004EC724 /* Build configuration list for PBXNativeTarget "HuckleberryGenUITests" */;
			buildPhases = (
				036C7C1D1B5143A0004EC724 /* Sources */,
				036C7C1E1B5143A0004EC724 /* Frameworks */,
				036C7C1F1B5143A0004EC724 /* Resources */,
			);
			buildRules = (
			);
			dependencies = (
				036C7C231B5143A0004EC724 /* PBXTargetDependency */,
			);
			name = HuckleberryGenUITests;
			productName = HuckleberryGenUITests;
			productReference = 036C7C211B5143A0004EC724 /* HuckleberryGenUITests.xctest */;
			productType = "com.apple.product-type.bundle.ui-testing";
		};
/* End PBXNativeTarget section */

/* Begin PBXProject section */
		036C7BFA1B5143A0004EC724 /* Project object */ = {
			isa = PBXProject;
			attributes = {
				LastUpgradeCheck = 0700;
				ORGANIZATIONNAME = "Phoenix Labs";
				TargetAttributes = {
					036C7C011B5143A0004EC724 = {
						CreatedOnToolsVersion = 7.0;
					};
					036C7C151B5143A0004EC724 = {
						CreatedOnToolsVersion = 7.0;
						TestTargetID = 036C7C011B5143A0004EC724;
					};
					036C7C201B5143A0004EC724 = {
						CreatedOnToolsVersion = 7.0;
						TestTargetID = 036C7C011B5143A0004EC724;
					};
				};
			};
			buildConfigurationList = 036C7BFD1B5143A0004EC724 /* Build configuration list for PBXProject "HuckleberryGen" */;
			compatibilityVersion = "Xcode 3.2";
			developmentRegion = English;
			hasScannedForEncodings = 0;
			knownRegions = (
				en,
				Base,
			);
			mainGroup = 036C7BF91B5143A0004EC724;
			productRefGroup = 036C7C031B5143A0004EC724 /* Products */;
			projectDirPath = "";
			projectRoot = "";
			targets = (
				036C7C011B5143A0004EC724 /* HuckleberryGen */,
				036C7C151B5143A0004EC724 /* HuckleberryGenTests */,
				036C7C201B5143A0004EC724 /* HuckleberryGenUITests */,
			);
		};
/* End PBXProject section */

/* Begin PBXResourcesBuildPhase section */
		036C7C001B5143A0004EC724 /* Resources */ = {
			isa = PBXResourcesBuildPhase;
			buildActionMask = 2147483647;
			files = (
				036C7C0D1B5143A0004EC724 /* Assets.xcassets in Resources */,
				03673A681BEA4C8900CF8F21 /* FieldCell3.xib in Resources */,
				036E32A21BB2DEE00024AA4E /* Check4Cell.xib in Resources */,
				03F7E33F1BA891A90053BA6B /* Board.storyboard in Resources */,
				035E4A091C582FD10005E28A /* XP_CLA_HGErrorTrack.txt in Resources */,
				03D56F251C4F41C500A3A8DC /* XP_PRO_HGEncodable.txt in Resources */,
				036E32A41BB2DEED0024AA4E /* Image4Cell.xib in Resources */,
				036E32A81BB2DF070024AA4E /* Image6Cell.xib in Resources */,
				036E32AA1BB2EC650024AA4E /* FieldCell1.xib in Resources */,
				036C7C101B5143A0004EC724 /* Main.storyboard in Resources */,
				035E49D31C57F75F0005E28A /* XP_CLA_HGObject.txt in Resources */,
				036E32A61BB2DEFB0024AA4E /* Image5Cell.xib in Resources */,
				035E4A0B1C5832C90005E28A /* XP_CLA_HGError.txt in Resources */,
				036E32A01BB2DED00024AA4E /* DefaultCell.xib in Resources */,
				03F38F7C1BBE487A00B2739A /* FieldCell2.xib in Resources */,
				035E49D71C57FABD0005E28A /* XP_CLA_HGErrorReporter.txt in Resources */,
				03F25EF81B9C292E0048B0A0 /* HGTableHeader.xib in Resources */,
				036E329E1BB2CCA40024AA4E /* MixedCell1.xib in Resources */,
				035E4CB21C5922870005E28A /* XP_CLA_HGOperators.txt in Resources */,
			);
			runOnlyForDeploymentPostprocessing = 0;
		};
		036C7C141B5143A0004EC724 /* Resources */ = {
			isa = PBXResourcesBuildPhase;
			buildActionMask = 2147483647;
			files = (
			);
			runOnlyForDeploymentPostprocessing = 0;
		};
		036C7C1F1B5143A0004EC724 /* Resources */ = {
			isa = PBXResourcesBuildPhase;
			buildActionMask = 2147483647;
			files = (
			);
			runOnlyForDeploymentPostprocessing = 0;
		};
/* End PBXResourcesBuildPhase section */

/* Begin PBXSourcesBuildPhase section */
		036C7BFE1B5143A0004EC724 /* Sources */ = {
			isa = PBXSourcesBuildPhase;
			buildActionMask = 2147483647;
			files = (
				030963091C5BD00F00DEE9C4 /* HGInt.swift in Sources */,
				034985071C56D50B0048F44C /* ExportString.swift in Sources */,
				0306574A1C287ED200ED8722 /* HGBlockView.swift in Sources */,
				030963061C5BCE8C00DEE9C4 /* HGArticle.swift in Sources */,
				036455C01BA264930096B255 /* HGCellData.swift in Sources */,
				03A20B4C1B99E4C900149AF5 /* LicenseInfoBoard.swift in Sources */,
				035E4D1E1C5A46710005E28A /* HGCodeRepresentable.swift in Sources */,
				03BDDA491C5A924E00F0DCEA /* HGOperators.swift in Sources */,
				0339BC601BFD598B0071F8AD /* ErrorBoard.swift in Sources */,
				036C7CBE1B529A84004EC724 /* HGDictionary.swift in Sources */,
				036455C21BA264E40096B255 /* HGCellType.swift in Sources */,
				0322FA401B591A9100CB132B /* HGTimeInterval.swift in Sources */,
				03660ADD1BBDED6600DE41D5 /* NSImage.swift in Sources */,
				03A278F91C513DA600DA353C /* ExportEnum.swift in Sources */,
				036C7CC31B529A84004EC724 /* HuckleberryGen.swift in Sources */,
				03E9AFD11C5D4CAF00013925 /* HuckleberryGen_EXT.swift in Sources */,
				03660AE11BBE444C00DE41D5 /* EnumCasesVC.swift in Sources */,
				039731E41C443A44003DA4F4 /* SBD_Attributes.swift in Sources */,
				03F25EF71B9C292E0048B0A0 /* HGTableHeader.swift in Sources */,
				039731E21C42833E003DA4F4 /* SBD_Import.swift in Sources */,
				036C7CBF1B529A84004EC724 /* HGOptional.swift in Sources */,
				037EDFA91B84B4C6002527EE /* Enum.swift in Sources */,
				035E4A9E1C58DA2E0005E28A /* HGIndent.swift in Sources */,
				03A20B491B99E4C900149AF5 /* NavController.swift in Sources */,
				03F25EDD1B9BFEE90048B0A0 /* EntityVC.swift in Sources */,
				036C7C0B1B5143A0004EC724 /* HuckleberryGen.xcdatamodeld in Sources */,
				036C7C661B514AF8004EC724 /* Relationship.swift in Sources */,
				0346140A1BDF81E40002F0AA /* DecisionBoard.swift in Sources */,
				03BDDA461C5A757A00F0DCEA /* XP_Utility.swift in Sources */,
				03F25EDA1B9BFEE90048B0A0 /* AttributeVC.swift in Sources */,
				0349850E1C579AA00048F44C /* SaveBoard.swift in Sources */,
				03D4FE371C3ACD38007BBA5F /* HGNotifType.swift in Sources */,
				036C7CBD1B529A84004EC724 /* HGError.swift in Sources */,
				03F25EEB1B9C16EA0048B0A0 /* HGSplit.swift in Sources */,
				030963051C5BCE8C00DEE9C4 /* HGAdjective.swift in Sources */,
				036C7C6A1B514AF9004EC724 /* Attribute.swift in Sources */,
				035428EB1BA1C16600BED618 /* NSNotification.swift in Sources */,
				036C7C081B5143A0004EC724 /* ViewController.swift in Sources */,
				03F106651C3B179100E808C9 /* OpenBoard.swift in Sources */,
				03660ADF1BBE03FC00DE41D5 /* TextField.swift in Sources */,
				030963071C5BCE8C00DEE9C4 /* HGErrorType.swift in Sources */,
				033F3DEA1BB99DBD0089AEC2 /* HGTableView.swift in Sources */,
				036C7CC01B529A84004EC724 /* HGGen.swift in Sources */,
				03F25EDF1B9BFEE90048B0A0 /* RelationshipVC.swift in Sources */,
				035428E91BA1A1C500BED618 /* HGNotif.swift in Sources */,
				03A20B4D1B99E4C900149AF5 /* WelcomeBoard.swift in Sources */,
				03D3FF6C1B848FCD001B9F48 /* HGEvent.swift in Sources */,
				0322FA3B1B586F6500CB132B /* HGColor.swift in Sources */,
				034985091C56D5220048F44C /* ExportInt.swift in Sources */,
				033F3DEC1BBAC4920089AEC2 /* HGTabView.swift in Sources */,
				039731E61C4565C5003DA4F4 /* SBD_Entities.swift in Sources */,
				038CD8B71B7CEC8800712F57 /* HG_String.swift in Sources */,
				03F25EF01B9C17B40048B0A0 /* HGSplitVC.swift in Sources */,
				039731F71C470CE4003DA4F4 /* DBD_SaveProject.swift in Sources */,
				03A20B481B99E4C900149AF5 /* BoardHandler.swift in Sources */,
				036E329C1BB1A0880024AA4E /* EnumCase.swift in Sources */,
				03A278FD1C52498F00DA353C /* ExportOptional.swift in Sources */,
				03E9AFD31C5E408C00013925 /* IndexVC.swift in Sources */,
				039731F21C45AE74003DA4F4 /* SBD_DeletionRules.swift in Sources */,
				03A278FB1C52447800DA353C /* ExportExtensions.swift in Sources */,
				0309630B1C5BD01E00DEE9C4 /* HGString.swift in Sources */,
				0322FA421B59633E00CB132B /* HGArray.swift in Sources */,
				03E9AFD51C5E449300013925 /* Index.swift in Sources */,
				0309630D1C5BD0DE00DEE9C4 /* HGNoun.swift in Sources */,
				03BDDA4B1C5A934100F0DCEA /* HGEncodable.swift in Sources */,
				03A20B4A1B99E4C900149AF5 /* FolderBoard.swift in Sources */,
				039731F51C46A263003DA4F4 /* DBD_DeleteRows.swift in Sources */,
				035E493D1C57D6220005E28A /* ExportProtocols.swift in Sources */,
				033F3DEE1BBACE770089AEC2 /* HGTabVC.swift in Sources */,
				039731F01C45AE68003DA4F4 /* SBD_RelationshipType.swift in Sources */,
				036C7C721B514AF9004EC724 /* Folder.swift in Sources */,
				03A20B541B99E4C900149AF5 /* MainWindowController.swift in Sources */,
				031A1A541B8F81F50077FD56 /* HGParser.swift in Sources */,
				03F25EE81B9C16EA0048B0A0 /* HGCell.swift in Sources */,
				036C7CC11B529A84004EC724 /* HGJSON.swift in Sources */,
				036C7C621B514AF8004EC724 /* CoreDataModel.swift in Sources */,
				039731EC1C45AE27003DA4F4 /* SBD_SavedProjects.swift in Sources */,
				035E75561B9595890036AE0B /* HGFileQuery.swift in Sources */,
				03A278F71C51315100DA353C /* ExportType.swift in Sources */,
				036D23BF1BACA12D002824E9 /* HGTableCellIdentifier.swift in Sources */,
				038C79E01B6297560008D29C /* Entity.swift in Sources */,
				03A20B4E1B99E4C900149AF5 /* SelectionBoard.swift in Sources */,
				03D56F231C4F29BF00A3A8DC /* ExportProject.swift in Sources */,
				03F25EEC1B9C16EA0048B0A0 /* HGTable.swift in Sources */,
				036C7C6E1B514AF9004EC724 /* ImportFile.swift in Sources */,
				03A278F31C50737400DA353C /* ExportEntity.swift in Sources */,
				0372A6121B8F6EB800317065 /* XCODE_XMLParser.swift in Sources */,
				030657481C286C1200ED8722 /* NSEvent.swift in Sources */,
				036C7CC81B52A17F004EC724 /* LicenseInfo.swift in Sources */,
				036C7C061B5143A0004EC724 /* AppDelegate.swift in Sources */,
				03F25EDE1B9BFEE90048B0A0 /* EnumVC.swift in Sources */,
				036C7CCC1B52B89A004EC724 /* HGDate.swift in Sources */,
				03BDDA531C5AA0F900F0DCEA /* Protocol.swift in Sources */,
				0378175A1B7D0D110009D67B /* HGEntity.swift in Sources */,
				0322FA3E1B59038100CB132B /* NSView.swift in Sources */,
				0339BC641BFE22E40071F8AD /* Project.swift in Sources */,
				035E49D51C57FA490005E28A /* ExportHGClasses.swift in Sources */,
			);
			runOnlyForDeploymentPostprocessing = 0;
		};
		036C7C121B5143A0004EC724 /* Sources */ = {
			isa = PBXSourcesBuildPhase;
			buildActionMask = 2147483647;
			files = (
				036C7C1B1B5143A0004EC724 /* HuckleberryGenTests.swift in Sources */,
			);
			runOnlyForDeploymentPostprocessing = 0;
		};
		036C7C1D1B5143A0004EC724 /* Sources */ = {
			isa = PBXSourcesBuildPhase;
			buildActionMask = 2147483647;
			files = (
				0349850A1C578B840048F44C /* HuckleberryGenUITests.swift in Sources */,
			);
			runOnlyForDeploymentPostprocessing = 0;
		};
/* End PBXSourcesBuildPhase section */

/* Begin PBXTargetDependency section */
		036C7C181B5143A0004EC724 /* PBXTargetDependency */ = {
			isa = PBXTargetDependency;
			target = 036C7C011B5143A0004EC724 /* HuckleberryGen */;
			targetProxy = 036C7C171B5143A0004EC724 /* PBXContainerItemProxy */;
		};
		036C7C231B5143A0004EC724 /* PBXTargetDependency */ = {
			isa = PBXTargetDependency;
			target = 036C7C011B5143A0004EC724 /* HuckleberryGen */;
			targetProxy = 036C7C221B5143A0004EC724 /* PBXContainerItemProxy */;
		};
/* End PBXTargetDependency section */

/* Begin PBXVariantGroup section */
		036C7C0E1B5143A0004EC724 /* Main.storyboard */ = {
			isa = PBXVariantGroup;
			children = (
				036C7C0F1B5143A0004EC724 /* Base */,
			);
			name = Main.storyboard;
			sourceTree = "<group>";
		};
		03F7E33D1BA891A90053BA6B /* Board.storyboard */ = {
			isa = PBXVariantGroup;
			children = (
				03F7E33E1BA891A90053BA6B /* Base */,
			);
			name = Board.storyboard;
			path = ..;
			sourceTree = "<group>";
		};
/* End PBXVariantGroup section */

/* Begin XCBuildConfiguration section */
		036C7C281B5143A0004EC724 /* Debug */ = {
			isa = XCBuildConfiguration;
			buildSettings = {
				ALWAYS_SEARCH_USER_PATHS = NO;
				CLANG_CXX_LANGUAGE_STANDARD = "gnu++0x";
				CLANG_CXX_LIBRARY = "libc++";
				CLANG_ENABLE_MODULES = YES;
				CLANG_ENABLE_OBJC_ARC = YES;
				CLANG_WARN_BOOL_CONVERSION = YES;
				CLANG_WARN_CONSTANT_CONVERSION = YES;
				CLANG_WARN_DIRECT_OBJC_ISA_USAGE = YES_ERROR;
				CLANG_WARN_EMPTY_BODY = YES;
				CLANG_WARN_ENUM_CONVERSION = YES;
				CLANG_WARN_INT_CONVERSION = YES;
				CLANG_WARN_OBJC_ROOT_CLASS = YES_ERROR;
				CLANG_WARN_UNREACHABLE_CODE = YES;
				CLANG_WARN__DUPLICATE_METHOD_MATCH = YES;
				CODE_SIGN_IDENTITY = "-";
				COPY_PHASE_STRIP = NO;
				DEBUG_INFORMATION_FORMAT = dwarf;
				ENABLE_STRICT_OBJC_MSGSEND = YES;
				ENABLE_TESTABILITY = YES;
				GCC_C_LANGUAGE_STANDARD = gnu99;
				GCC_DYNAMIC_NO_PIC = NO;
				GCC_NO_COMMON_BLOCKS = YES;
				GCC_OPTIMIZATION_LEVEL = 0;
				GCC_PREPROCESSOR_DEFINITIONS = (
					"DEBUG=1",
					"$(inherited)",
				);
				GCC_WARN_64_TO_32_BIT_CONVERSION = YES;
				GCC_WARN_ABOUT_RETURN_TYPE = YES_ERROR;
				GCC_WARN_UNDECLARED_SELECTOR = YES;
				GCC_WARN_UNINITIALIZED_AUTOS = YES_AGGRESSIVE;
				GCC_WARN_UNUSED_FUNCTION = YES;
				GCC_WARN_UNUSED_VARIABLE = YES;
				MACOSX_DEPLOYMENT_TARGET = 10.11;
				MTL_ENABLE_DEBUG_INFO = YES;
				ONLY_ACTIVE_ARCH = YES;
				SDKROOT = macosx;
				SWIFT_OPTIMIZATION_LEVEL = "-Onone";
			};
			name = Debug;
		};
		036C7C291B5143A0004EC724 /* Release */ = {
			isa = XCBuildConfiguration;
			buildSettings = {
				ALWAYS_SEARCH_USER_PATHS = NO;
				CLANG_CXX_LANGUAGE_STANDARD = "gnu++0x";
				CLANG_CXX_LIBRARY = "libc++";
				CLANG_ENABLE_MODULES = YES;
				CLANG_ENABLE_OBJC_ARC = YES;
				CLANG_WARN_BOOL_CONVERSION = YES;
				CLANG_WARN_CONSTANT_CONVERSION = YES;
				CLANG_WARN_DIRECT_OBJC_ISA_USAGE = YES_ERROR;
				CLANG_WARN_EMPTY_BODY = YES;
				CLANG_WARN_ENUM_CONVERSION = YES;
				CLANG_WARN_INT_CONVERSION = YES;
				CLANG_WARN_OBJC_ROOT_CLASS = YES_ERROR;
				CLANG_WARN_UNREACHABLE_CODE = YES;
				CLANG_WARN__DUPLICATE_METHOD_MATCH = YES;
				CODE_SIGN_IDENTITY = "-";
				COPY_PHASE_STRIP = NO;
				DEBUG_INFORMATION_FORMAT = "dwarf-with-dsym";
				ENABLE_NS_ASSERTIONS = NO;
				ENABLE_STRICT_OBJC_MSGSEND = YES;
				GCC_C_LANGUAGE_STANDARD = gnu99;
				GCC_NO_COMMON_BLOCKS = YES;
				GCC_WARN_64_TO_32_BIT_CONVERSION = YES;
				GCC_WARN_ABOUT_RETURN_TYPE = YES_ERROR;
				GCC_WARN_UNDECLARED_SELECTOR = YES;
				GCC_WARN_UNINITIALIZED_AUTOS = YES_AGGRESSIVE;
				GCC_WARN_UNUSED_FUNCTION = YES;
				GCC_WARN_UNUSED_VARIABLE = YES;
				MACOSX_DEPLOYMENT_TARGET = 10.11;
				MTL_ENABLE_DEBUG_INFO = NO;
				SDKROOT = macosx;
			};
			name = Release;
		};
		036C7C2B1B5143A0004EC724 /* Debug */ = {
			isa = XCBuildConfiguration;
			buildSettings = {
				ASSETCATALOG_COMPILER_APPICON_NAME = AppIcon;
				COMBINE_HIDPI_IMAGES = YES;
				INFOPLIST_FILE = HuckleberryGen/Info.plist;
				LD_RUNPATH_SEARCH_PATHS = "$(inherited) @executable_path/../Frameworks";
				PRODUCT_BUNDLE_IDENTIFIER = com.davidvallas.HuckleberryGen;
				PRODUCT_NAME = "$(TARGET_NAME)";
			};
			name = Debug;
		};
		036C7C2C1B5143A0004EC724 /* Release */ = {
			isa = XCBuildConfiguration;
			buildSettings = {
				ASSETCATALOG_COMPILER_APPICON_NAME = AppIcon;
				COMBINE_HIDPI_IMAGES = YES;
				INFOPLIST_FILE = HuckleberryGen/Info.plist;
				LD_RUNPATH_SEARCH_PATHS = "$(inherited) @executable_path/../Frameworks";
				PRODUCT_BUNDLE_IDENTIFIER = com.davidvallas.HuckleberryGen;
				PRODUCT_NAME = "$(TARGET_NAME)";
			};
			name = Release;
		};
		036C7C2E1B5143A0004EC724 /* Debug */ = {
			isa = XCBuildConfiguration;
			buildSettings = {
				BUNDLE_LOADER = "$(TEST_HOST)";
				COMBINE_HIDPI_IMAGES = YES;
				INFOPLIST_FILE = HuckleberryGenTests/Info.plist;
				LD_RUNPATH_SEARCH_PATHS = "$(inherited) @executable_path/../Frameworks @loader_path/../Frameworks";
				PRODUCT_BUNDLE_IDENTIFIER = com.davidvallas.HuckleberryGenTests;
				PRODUCT_NAME = "$(TARGET_NAME)";
				TEST_HOST = "$(BUILT_PRODUCTS_DIR)/HuckleberryGen.app/Contents/MacOS/HuckleberryGen";
			};
			name = Debug;
		};
		036C7C2F1B5143A0004EC724 /* Release */ = {
			isa = XCBuildConfiguration;
			buildSettings = {
				BUNDLE_LOADER = "$(TEST_HOST)";
				COMBINE_HIDPI_IMAGES = YES;
				INFOPLIST_FILE = HuckleberryGenTests/Info.plist;
				LD_RUNPATH_SEARCH_PATHS = "$(inherited) @executable_path/../Frameworks @loader_path/../Frameworks";
				PRODUCT_BUNDLE_IDENTIFIER = com.davidvallas.HuckleberryGenTests;
				PRODUCT_NAME = "$(TARGET_NAME)";
				TEST_HOST = "$(BUILT_PRODUCTS_DIR)/HuckleberryGen.app/Contents/MacOS/HuckleberryGen";
			};
			name = Release;
		};
		036C7C311B5143A0004EC724 /* Debug */ = {
			isa = XCBuildConfiguration;
			buildSettings = {
				COMBINE_HIDPI_IMAGES = YES;
				INFOPLIST_FILE = HuckleberryGenUITests/Info.plist;
				LD_RUNPATH_SEARCH_PATHS = "$(inherited) @executable_path/../Frameworks @loader_path/../Frameworks";
				PRODUCT_BUNDLE_IDENTIFIER = com.davidvallas.HuckleberryGenUITests;
				PRODUCT_NAME = "$(TARGET_NAME)";
				TEST_TARGET_NAME = HuckleberryGen;
				USES_XCTRUNNER = YES;
			};
			name = Debug;
		};
		036C7C321B5143A0004EC724 /* Release */ = {
			isa = XCBuildConfiguration;
			buildSettings = {
				COMBINE_HIDPI_IMAGES = YES;
				INFOPLIST_FILE = HuckleberryGenUITests/Info.plist;
				LD_RUNPATH_SEARCH_PATHS = "$(inherited) @executable_path/../Frameworks @loader_path/../Frameworks";
				PRODUCT_BUNDLE_IDENTIFIER = com.davidvallas.HuckleberryGenUITests;
				PRODUCT_NAME = "$(TARGET_NAME)";
				TEST_TARGET_NAME = HuckleberryGen;
				USES_XCTRUNNER = YES;
			};
			name = Release;
		};
/* End XCBuildConfiguration section */

/* Begin XCConfigurationList section */
		036C7BFD1B5143A0004EC724 /* Build configuration list for PBXProject "HuckleberryGen" */ = {
			isa = XCConfigurationList;
			buildConfigurations = (
				036C7C281B5143A0004EC724 /* Debug */,
				036C7C291B5143A0004EC724 /* Release */,
			);
			defaultConfigurationIsVisible = 0;
			defaultConfigurationName = Release;
		};
		036C7C2A1B5143A0004EC724 /* Build configuration list for PBXNativeTarget "HuckleberryGen" */ = {
			isa = XCConfigurationList;
			buildConfigurations = (
				036C7C2B1B5143A0004EC724 /* Debug */,
				036C7C2C1B5143A0004EC724 /* Release */,
			);
			defaultConfigurationIsVisible = 0;
			defaultConfigurationName = Release;
		};
		036C7C2D1B5143A0004EC724 /* Build configuration list for PBXNativeTarget "HuckleberryGenTests" */ = {
			isa = XCConfigurationList;
			buildConfigurations = (
				036C7C2E1B5143A0004EC724 /* Debug */,
				036C7C2F1B5143A0004EC724 /* Release */,
			);
			defaultConfigurationIsVisible = 0;
			defaultConfigurationName = Release;
		};
		036C7C301B5143A0004EC724 /* Build configuration list for PBXNativeTarget "HuckleberryGenUITests" */ = {
			isa = XCConfigurationList;
			buildConfigurations = (
				036C7C311B5143A0004EC724 /* Debug */,
				036C7C321B5143A0004EC724 /* Release */,
			);
			defaultConfigurationIsVisible = 0;
			defaultConfigurationName = Release;
		};
/* End XCConfigurationList section */

/* Begin XCVersionGroup section */
		036C7C091B5143A0004EC724 /* HuckleberryGen.xcdatamodeld */ = {
			isa = XCVersionGroup;
			children = (
				036C7C0A1B5143A0004EC724 /* HuckleberryGen.xcdatamodel */,
			);
			currentVersion = 036C7C0A1B5143A0004EC724 /* HuckleberryGen.xcdatamodel */;
			name = HuckleberryGen.xcdatamodeld;
			path = ../HuckleberryGen.xcdatamodeld;
			sourceTree = "<group>";
			versionGroupType = wrapper.xcdatamodel;
		};
/* End XCVersionGroup section */
	};
	rootObject = 036C7BFA1B5143A0004EC724 /* Project object */;
}
